// !$*UTF8*$!
{
	archiveVersion = 1;
	classes = {
	};
	objectVersion = 46;
	objects = {

/* Begin PBXBuildFile section */
		7600121E1BFD9ECC00C7C1E4 /* LyricsEditWindow.xib in Resources */ = {isa = PBXBuildFile; fileRef = 7600121C1BFD9ECC00C7C1E4 /* LyricsEditWindow.xib */; };
		760012291BFD9FAC00C7C1E4 /* LyricsEditWindowController.swift in Sources */ = {isa = PBXBuildFile; fileRef = 760012281BFD9FAC00C7C1E4 /* LyricsEditWindowController.swift */; };
		760A01831C01A33400015C62 /* SongInfos.m in Sources */ = {isa = PBXBuildFile; fileRef = 760A017E1C01A33400015C62 /* SongInfos.m */; };
		760A01841C01A33400015C62 /* GeCiMe.m in Sources */ = {isa = PBXBuildFile; fileRef = 760A01801C01A33400015C62 /* GeCiMe.m */; };
		760A01851C01A33400015C62 /* TTPod.m in Sources */ = {isa = PBXBuildFile; fileRef = 760A01821C01A33400015C62 /* TTPod.m */; };
		760A018A1C01A36700015C62 /* QianQian.m in Sources */ = {isa = PBXBuildFile; fileRef = 760A01871C01A36700015C62 /* QianQian.m */; };
		760A018B1C01A36700015C62 /* XMLParserForQianQian.m in Sources */ = {isa = PBXBuildFile; fileRef = 760A01891C01A36700015C62 /* XMLParserForQianQian.m */; };
		760A01901C01A37400015C62 /* Xiami.m in Sources */ = {isa = PBXBuildFile; fileRef = 760A018D1C01A37400015C62 /* Xiami.m */; };
		760A01911C01A37400015C62 /* XMLParserForXiami.m in Sources */ = {isa = PBXBuildFile; fileRef = 760A018F1C01A37400015C62 /* XMLParserForXiami.m */; };
		7622A7631C2A6757001250DD /* ClickView.swift in Sources */ = {isa = PBXBuildFile; fileRef = 7622A7621C2A6757001250DD /* ClickView.swift */; };
		7633A2FF1C202F9500D58360 /* CoreGraphics.framework in Frameworks */ = {isa = PBXBuildFile; fileRef = 7633A2FE1C202F9500D58360 /* CoreGraphics.framework */; };
		763763C81C292754003EB0B5 /* MASShortcut.framework in Frameworks */ = {isa = PBXBuildFile; fileRef = 763763C71C292754003EB0B5 /* MASShortcut.framework */; };
		763763CC1C292957003EB0B5 /* MASShortcut.framework in CopyFiles */ = {isa = PBXBuildFile; fileRef = 763763C71C292754003EB0B5 /* MASShortcut.framework */; settings = {ATTRIBUTES = (CodeSignOnCopy, RemoveHeadersOnCopy, ); }; };
		7642B9011BF45B0100D68FE9 /* LyricsLineModel.swift in Sources */ = {isa = PBXBuildFile; fileRef = 7642B9001BF45B0100D68FE9 /* LyricsLineModel.swift */; };
		7642B9041BF4709300D68FE9 /* StatusMenu.xib in Resources */ = {isa = PBXBuildFile; fileRef = 7642B9021BF4709300D68FE9 /* StatusMenu.xib */; };
		764334931BF95ECF00C4B740 /* iTunesBridge.m in Sources */ = {isa = PBXBuildFile; fileRef = 764334921BF95ECF00C4B740 /* iTunesBridge.m */; };
		764B0A831C30D1600048419B /* QQMusic.swift in Sources */ = {isa = PBXBuildFile; fileRef = 764B0A811C30D1600048419B /* QQMusic.swift */; };
		764B0A841C30D1600048419B /* XMLParserForQQ.swift in Sources */ = {isa = PBXBuildFile; fileRef = 764B0A821C30D1600048419B /* XMLParserForQQ.swift */; };
		7660C5021BF05471002E3204 /* LyricsWindowController.swift in Sources */ = {isa = PBXBuildFile; fileRef = 7660C5011BF05471002E3204 /* LyricsWindowController.swift */; };
		766D670F1C03530E00B5405B /* iTunesBridge.m in Sources */ = {isa = PBXBuildFile; fileRef = 766D670E1C03530E00B5405B /* iTunesBridge.m */; };
		766F03C51C049372003F4790 /* LyricsEditView.swift in Sources */ = {isa = PBXBuildFile; fileRef = 766F03C41C049372003F4790 /* LyricsEditView.swift */; };
		7678AA081BFF526700FE848C /* Localizable.strings in Resources */ = {isa = PBXBuildFile; fileRef = 7678AA061BFF526700FE848C /* Localizable.strings */; };
		768203AF1C2B6FA900DB93F0 /* MenuBarLyrics.swift in Sources */ = {isa = PBXBuildFile; fileRef = 768203AE1C2B6FA900DB93F0 /* MenuBarLyrics.swift */; };
		768BCAE41BF185AD00D6F5EB /* ScriptingBridge.framework in Frameworks */ = {isa = PBXBuildFile; fileRef = 768BCAE31BF185AD00D6F5EB /* ScriptingBridge.framework */; };
		768BCB211BF1C62000D6F5EB /* libopencc.1.0.0.dylib in Frameworks */ = {isa = PBXBuildFile; fileRef = 768BCB1E1BF1C62000D6F5EB /* libopencc.1.0.0.dylib */; };
		768BCB221BF1C62000D6F5EB /* libopencc.2.dylib in Frameworks */ = {isa = PBXBuildFile; fileRef = 768BCB1F1BF1C62000D6F5EB /* libopencc.2.dylib */; };
		768BCB231BF1C62000D6F5EB /* libopencc.dylib in Frameworks */ = {isa = PBXBuildFile; fileRef = 768BCB201BF1C62000D6F5EB /* libopencc.dylib */; };
		768BCB241BF1C64200D6F5EB /* libopencc.1.0.0.dylib in Resources */ = {isa = PBXBuildFile; fileRef = 768BCB1E1BF1C62000D6F5EB /* libopencc.1.0.0.dylib */; };
		768BCB251BF1C64600D6F5EB /* libopencc.2.dylib in Resources */ = {isa = PBXBuildFile; fileRef = 768BCB1F1BF1C62000D6F5EB /* libopencc.2.dylib */; };
		768BCB261BF1C64900D6F5EB /* libopencc.dylib in Resources */ = {isa = PBXBuildFile; fileRef = 768BCB201BF1C62000D6F5EB /* libopencc.dylib */; };
		768BCB351BF1C74400D6F5EB /* HKVariants.ocd in Resources */ = {isa = PBXBuildFile; fileRef = 768BCB2A1BF1C74400D6F5EB /* HKVariants.ocd */; };
		768BCB361BF1C74400D6F5EB /* HKVariantsPhrases.ocd in Resources */ = {isa = PBXBuildFile; fileRef = 768BCB2B1BF1C74400D6F5EB /* HKVariantsPhrases.ocd */; };
		768BCB371BF1C74400D6F5EB /* s2hk.json in Resources */ = {isa = PBXBuildFile; fileRef = 768BCB2C1BF1C74400D6F5EB /* s2hk.json */; };
		768BCB381BF1C74400D6F5EB /* s2t.json in Resources */ = {isa = PBXBuildFile; fileRef = 768BCB2D1BF1C74400D6F5EB /* s2t.json */; };
		768BCB391BF1C74400D6F5EB /* s2tw.json in Resources */ = {isa = PBXBuildFile; fileRef = 768BCB2E1BF1C74400D6F5EB /* s2tw.json */; };
		768BCB3A1BF1C74400D6F5EB /* STCharacters.ocd in Resources */ = {isa = PBXBuildFile; fileRef = 768BCB2F1BF1C74400D6F5EB /* STCharacters.ocd */; };
		768BCB3B1BF1C74400D6F5EB /* STPhrases.ocd in Resources */ = {isa = PBXBuildFile; fileRef = 768BCB301BF1C74400D6F5EB /* STPhrases.ocd */; };
		768BCB3C1BF1C74400D6F5EB /* t2s.json in Resources */ = {isa = PBXBuildFile; fileRef = 768BCB311BF1C74400D6F5EB /* t2s.json */; };
		768BCB3D1BF1C74400D6F5EB /* TSCharacters.ocd in Resources */ = {isa = PBXBuildFile; fileRef = 768BCB321BF1C74400D6F5EB /* TSCharacters.ocd */; };
		768BCB3E1BF1C74400D6F5EB /* TSPhrases.ocd in Resources */ = {isa = PBXBuildFile; fileRef = 768BCB331BF1C74400D6F5EB /* TSPhrases.ocd */; };
		768BCB3F1BF1C74400D6F5EB /* TWVariants.ocd in Resources */ = {isa = PBXBuildFile; fileRef = 768BCB341BF1C74400D6F5EB /* TWVariants.ocd */; };
		768BCB431BF1C84B00D6F5EB /* ChineseConverter.swift in Sources */ = {isa = PBXBuildFile; fileRef = 768BCB421BF1C84B00D6F5EB /* ChineseConverter.swift */; };
		769AFC401C29A9C600215A6D /* MessageWindowController.swift in Sources */ = {isa = PBXBuildFile; fileRef = 769AFC3F1C29A9C600215A6D /* MessageWindowController.swift */; };
		76C046D01BF2178B005053AC /* AppController.swift in Sources */ = {isa = PBXBuildFile; fileRef = 76C046CF1BF2178B005053AC /* AppController.swift */; };
		76C046D31BF21876005053AC /* Preferences.xib in Resources */ = {isa = PBXBuildFile; fileRef = 76C046D11BF21876005053AC /* Preferences.xib */; };
		76C0471A1BF2E335005053AC /* DBPrefsWindowController.m in Sources */ = {isa = PBXBuildFile; fileRef = 76C047181BF2E335005053AC /* DBPrefsWindowController.m */; };
		76C047261BF2F34C005053AC /* AppPrefsWindowController.swift in Sources */ = {isa = PBXBuildFile; fileRef = 76C047251BF2F34C005053AC /* AppPrefsWindowController.swift */; };
		76C5115D1BEC6F8F0095F510 /* AppDelegate.swift in Sources */ = {isa = PBXBuildFile; fileRef = 76C5115C1BEC6F8F0095F510 /* AppDelegate.swift */; };
		76C5115F1BEC6F8F0095F510 /* Assets.xcassets in Resources */ = {isa = PBXBuildFile; fileRef = 76C5115E1BEC6F8F0095F510 /* Assets.xcassets */; };
		76C511621BEC6F8F0095F510 /* MainMenu.xib in Resources */ = {isa = PBXBuildFile; fileRef = 76C511601BEC6F8F0095F510 /* MainMenu.xib */; };
		76C511781BEC6FD50095F510 /* Macros.swift in Sources */ = {isa = PBXBuildFile; fileRef = 76C511771BEC6FD50095F510 /* Macros.swift */; };
		76D060451C02B8D8000DA86C /* AppDelegate.swift in Sources */ = {isa = PBXBuildFile; fileRef = 76D060441C02B8D8000DA86C /* AppDelegate.swift */; };
		76D060471C02B8D9000DA86C /* Assets.xcassets in Resources */ = {isa = PBXBuildFile; fileRef = 76D060461C02B8D9000DA86C /* Assets.xcassets */; };
		76D0604A1C02B8D9000DA86C /* MainMenu.xib in Resources */ = {isa = PBXBuildFile; fileRef = 76D060481C02B8D9000DA86C /* MainMenu.xib */; };
		76D0605E1C02B930000DA86C /* ServiceManagement.framework in Frameworks */ = {isa = PBXBuildFile; fileRef = 76D0605D1C02B930000DA86C /* ServiceManagement.framework */; };
		76D060601C02BBB7000DA86C /* LyricsX Helper.app in CopyFiles */ = {isa = PBXBuildFile; fileRef = 76D060421C02B8D8000DA86C /* LyricsX Helper.app */; settings = {ATTRIBUTES = (RemoveHeadersOnCopy, ); }; };
		76D0606B1C02FBCD000DA86C /* ScriptingBridge.framework in Frameworks */ = {isa = PBXBuildFile; fileRef = 768BCAE31BF185AD00D6F5EB /* ScriptingBridge.framework */; };
		76ECE2641C31223400089705 /* LrcMaker.app in CopyFiles */ = {isa = PBXBuildFile; fileRef = 76ECE2611C31222B00089705 /* LrcMaker.app */; settings = {ATTRIBUTES = (RemoveHeadersOnCopy, ); }; };
		76ECE2651C31223400089705 /* LrcMerger.app in CopyFiles */ = {isa = PBXBuildFile; fileRef = 76ECE2621C31222B00089705 /* LrcMerger.app */; settings = {ATTRIBUTES = (RemoveHeadersOnCopy, ); }; };
		76ECE2661C31223400089705 /* LrcSeeker.app in CopyFiles */ = {isa = PBXBuildFile; fileRef = 76ECE2631C31222B00089705 /* LrcSeeker.app */; settings = {ATTRIBUTES = (RemoveHeadersOnCopy, ); }; };
		76FE94411BFC223600A1AC27 /* TextPreview.swift in Sources */ = {isa = PBXBuildFile; fileRef = 76FE94401BFC223600A1AC27 /* TextPreview.swift */; };
		76FF43791BEF9BAB00D2B14F /* QuartzCore.framework in Frameworks */ = {isa = PBXBuildFile; fileRef = 76FF43781BEF9BAB00D2B14F /* QuartzCore.framework */; };
/* End PBXBuildFile section */

/* Begin PBXCopyFilesBuildPhase section */
		763763CB1C292909003EB0B5 /* CopyFiles */ = {
			isa = PBXCopyFilesBuildPhase;
			buildActionMask = 2147483647;
			dstPath = Contents/Frameworks;
			dstSubfolderSpec = 1;
			files = (
				763763CC1C292957003EB0B5 /* MASShortcut.framework in CopyFiles */,
			);
			runOnlyForDeploymentPostprocessing = 0;
		};
		76D0605F1C02BAD5000DA86C /* CopyFiles */ = {
			isa = PBXCopyFilesBuildPhase;
			buildActionMask = 2147483647;
			dstPath = Contents/Library/LoginItems;
			dstSubfolderSpec = 1;
			files = (
				76D060601C02BBB7000DA86C /* LyricsX Helper.app in CopyFiles */,
			);
			runOnlyForDeploymentPostprocessing = 0;
		};
		76D060611C02BE1D000DA86C /* CopyFiles */ = {
			isa = PBXCopyFilesBuildPhase;
			buildActionMask = 2147483647;
			dstPath = Contents/Library;
			dstSubfolderSpec = 1;
			files = (
				76ECE2641C31223400089705 /* LrcMaker.app in CopyFiles */,
				76ECE2651C31223400089705 /* LrcMerger.app in CopyFiles */,
				76ECE2661C31223400089705 /* LrcSeeker.app in CopyFiles */,
			);
			runOnlyForDeploymentPostprocessing = 0;
		};
/* End PBXCopyFilesBuildPhase section */

/* Begin PBXFileReference section */
		7600121D1BFD9ECC00C7C1E4 /* Base */ = {isa = PBXFileReference; lastKnownFileType = file.xib; name = Base; path = Base.lproj/LyricsEditWindow.xib; sourceTree = "<group>"; };
		760012281BFD9FAC00C7C1E4 /* LyricsEditWindowController.swift */ = {isa = PBXFileReference; fileEncoding = 4; lastKnownFileType = sourcecode.swift; path = LyricsEditWindowController.swift; sourceTree = "<group>"; };
		760A017D1C01A33400015C62 /* SongInfos.h */ = {isa = PBXFileReference; fileEncoding = 4; lastKnownFileType = sourcecode.c.h; path = SongInfos.h; sourceTree = "<group>"; };
		760A017E1C01A33400015C62 /* SongInfos.m */ = {isa = PBXFileReference; fileEncoding = 4; lastKnownFileType = sourcecode.c.objc; path = SongInfos.m; sourceTree = "<group>"; };
		760A017F1C01A33400015C62 /* GeCiMe.h */ = {isa = PBXFileReference; fileEncoding = 4; lastKnownFileType = sourcecode.c.h; path = GeCiMe.h; sourceTree = "<group>"; };
		760A01801C01A33400015C62 /* GeCiMe.m */ = {isa = PBXFileReference; fileEncoding = 4; lastKnownFileType = sourcecode.c.objc; path = GeCiMe.m; sourceTree = "<group>"; };
		760A01811C01A33400015C62 /* TTPod.h */ = {isa = PBXFileReference; fileEncoding = 4; lastKnownFileType = sourcecode.c.h; path = TTPod.h; sourceTree = "<group>"; };
		760A01821C01A33400015C62 /* TTPod.m */ = {isa = PBXFileReference; fileEncoding = 4; lastKnownFileType = sourcecode.c.objc; path = TTPod.m; sourceTree = "<group>"; };
		760A01861C01A36700015C62 /* QianQian.h */ = {isa = PBXFileReference; fileEncoding = 4; lastKnownFileType = sourcecode.c.h; path = QianQian.h; sourceTree = "<group>"; };
		760A01871C01A36700015C62 /* QianQian.m */ = {isa = PBXFileReference; fileEncoding = 4; lastKnownFileType = sourcecode.c.objc; path = QianQian.m; sourceTree = "<group>"; };
		760A01881C01A36700015C62 /* XMLParserForQianQian.h */ = {isa = PBXFileReference; fileEncoding = 4; lastKnownFileType = sourcecode.c.h; path = XMLParserForQianQian.h; sourceTree = "<group>"; };
		760A01891C01A36700015C62 /* XMLParserForQianQian.m */ = {isa = PBXFileReference; fileEncoding = 4; lastKnownFileType = sourcecode.c.objc; path = XMLParserForQianQian.m; sourceTree = "<group>"; };
		760A018C1C01A37400015C62 /* Xiami.h */ = {isa = PBXFileReference; fileEncoding = 4; lastKnownFileType = sourcecode.c.h; path = Xiami.h; sourceTree = "<group>"; };
		760A018D1C01A37400015C62 /* Xiami.m */ = {isa = PBXFileReference; fileEncoding = 4; lastKnownFileType = sourcecode.c.objc; path = Xiami.m; sourceTree = "<group>"; };
		760A018E1C01A37400015C62 /* XMLParserForXiami.h */ = {isa = PBXFileReference; fileEncoding = 4; lastKnownFileType = sourcecode.c.h; path = XMLParserForXiami.h; sourceTree = "<group>"; };
		760A018F1C01A37400015C62 /* XMLParserForXiami.m */ = {isa = PBXFileReference; fileEncoding = 4; lastKnownFileType = sourcecode.c.objc; path = XMLParserForXiami.m; sourceTree = "<group>"; };
		7622A7621C2A6757001250DD /* ClickView.swift */ = {isa = PBXFileReference; fileEncoding = 4; lastKnownFileType = sourcecode.swift; path = ClickView.swift; sourceTree = "<group>"; };
		7633A2FE1C202F9500D58360 /* CoreGraphics.framework */ = {isa = PBXFileReference; lastKnownFileType = wrapper.framework; name = CoreGraphics.framework; path = System/Library/Frameworks/CoreGraphics.framework; sourceTree = SDKROOT; };
		763763C71C292754003EB0B5 /* MASShortcut.framework */ = {isa = PBXFileReference; lastKnownFileType = wrapper.framework; path = MASShortcut.framework; sourceTree = "<group>"; };
		7642B9001BF45B0100D68FE9 /* LyricsLineModel.swift */ = {isa = PBXFileReference; fileEncoding = 4; lastKnownFileType = sourcecode.swift; path = LyricsLineModel.swift; sourceTree = "<group>"; };
		7642B9031BF4709300D68FE9 /* Base */ = {isa = PBXFileReference; lastKnownFileType = file.xib; name = Base; path = Base.lproj/StatusMenu.xib; sourceTree = "<group>"; };
		7642B9061BF488AB00D68FE9 /* iTunes.h */ = {isa = PBXFileReference; fileEncoding = 4; lastKnownFileType = sourcecode.c.h; path = iTunes.h; sourceTree = "<group>"; };
		764334911BF95ECF00C4B740 /* iTunesBridge.h */ = {isa = PBXFileReference; fileEncoding = 4; lastKnownFileType = sourcecode.c.h; path = iTunesBridge.h; sourceTree = "<group>"; };
		764334921BF95ECF00C4B740 /* iTunesBridge.m */ = {isa = PBXFileReference; fileEncoding = 4; lastKnownFileType = sourcecode.c.objc; path = iTunesBridge.m; sourceTree = "<group>"; };
		764B0A811C30D1600048419B /* QQMusic.swift */ = {isa = PBXFileReference; fileEncoding = 4; lastKnownFileType = sourcecode.swift; path = QQMusic.swift; sourceTree = "<group>"; };
		764B0A821C30D1600048419B /* XMLParserForQQ.swift */ = {isa = PBXFileReference; fileEncoding = 4; lastKnownFileType = sourcecode.swift; path = XMLParserForQQ.swift; sourceTree = "<group>"; };
		765B7F8A1C2E3B320066F2B4 /* NSStatusBar+NSStatusBar_Private.h */ = {isa = PBXFileReference; fileEncoding = 4; lastKnownFileType = sourcecode.c.h; path = "NSStatusBar+NSStatusBar_Private.h"; sourceTree = "<group>"; };
		7660C5011BF05471002E3204 /* LyricsWindowController.swift */ = {isa = PBXFileReference; fileEncoding = 4; lastKnownFileType = sourcecode.swift; path = LyricsWindowController.swift; sourceTree = "<group>"; };
		766D670B1C03530D00B5405B /* LyricsX Helper-Bridging-Header.h */ = {isa = PBXFileReference; lastKnownFileType = sourcecode.c.h; path = "LyricsX Helper-Bridging-Header.h"; sourceTree = "<group>"; };
		766D670C1C03530E00B5405B /* iTunes.h */ = {isa = PBXFileReference; fileEncoding = 4; lastKnownFileType = sourcecode.c.h; path = iTunes.h; sourceTree = "<group>"; };
		766D670D1C03530E00B5405B /* iTunesBridge.h */ = {isa = PBXFileReference; fileEncoding = 4; lastKnownFileType = sourcecode.c.h; path = iTunesBridge.h; sourceTree = "<group>"; };
		766D670E1C03530E00B5405B /* iTunesBridge.m */ = {isa = PBXFileReference; fileEncoding = 4; lastKnownFileType = sourcecode.c.objc; path = iTunesBridge.m; sourceTree = "<group>"; };
		766F03C41C049372003F4790 /* LyricsEditView.swift */ = {isa = PBXFileReference; fileEncoding = 4; lastKnownFileType = sourcecode.swift; path = LyricsEditView.swift; sourceTree = "<group>"; };
		7678A9F41BFF428200FE848C /* zh-Hans */ = {isa = PBXFileReference; lastKnownFileType = text.plist.strings; name = "zh-Hans"; path = "zh-Hans.lproj/LyricsEditWindow.strings"; sourceTree = "<group>"; };
		7678A9F71BFF428900FE848C /* zh-Hant */ = {isa = PBXFileReference; lastKnownFileType = text.plist.strings; name = "zh-Hant"; path = "zh-Hant.lproj/LyricsEditWindow.strings"; sourceTree = "<group>"; };
		7678A9FC1BFF475900FE848C /* zh-Hant */ = {isa = PBXFileReference; lastKnownFileType = file.xib; name = "zh-Hant"; path = "zh-Hant.lproj/StatusMenu.xib"; sourceTree = "<group>"; };
		7678A9FD1BFF475D00FE848C /* zh-Hans */ = {isa = PBXFileReference; lastKnownFileType = file.xib; name = "zh-Hans"; path = "zh-Hans.lproj/StatusMenu.xib"; sourceTree = "<group>"; };
		7678AA071BFF526700FE848C /* Base */ = {isa = PBXFileReference; lastKnownFileType = text.plist.strings; name = Base; path = Base.lproj/Localizable.strings; sourceTree = "<group>"; };
		7678AA091BFF552700FE848C /* zh-Hans */ = {isa = PBXFileReference; lastKnownFileType = text.plist.strings; name = "zh-Hans"; path = "zh-Hans.lproj/Localizable.strings"; sourceTree = "<group>"; };
		7678AA0A1BFF552900FE848C /* zh-Hant */ = {isa = PBXFileReference; lastKnownFileType = text.plist.strings; name = "zh-Hant"; path = "zh-Hant.lproj/Localizable.strings"; sourceTree = "<group>"; };
		768203AE1C2B6FA900DB93F0 /* MenuBarLyrics.swift */ = {isa = PBXFileReference; fileEncoding = 4; lastKnownFileType = sourcecode.swift; path = MenuBarLyrics.swift; sourceTree = "<group>"; };
		768BCAE31BF185AD00D6F5EB /* ScriptingBridge.framework */ = {isa = PBXFileReference; lastKnownFileType = wrapper.framework; name = ScriptingBridge.framework; path = System/Library/Frameworks/ScriptingBridge.framework; sourceTree = SDKROOT; };
		768BCAE51BF1866400D6F5EB /* Lyrics-Bridging-Header.h */ = {isa = PBXFileReference; lastKnownFileType = sourcecode.c.h; path = "Lyrics-Bridging-Header.h"; sourceTree = "<group>"; };
		768BCB1E1BF1C62000D6F5EB /* libopencc.1.0.0.dylib */ = {isa = PBXFileReference; lastKnownFileType = "compiled.mach-o.dylib"; path = libopencc.1.0.0.dylib; sourceTree = "<group>"; };
		768BCB1F1BF1C62000D6F5EB /* libopencc.2.dylib */ = {isa = PBXFileReference; lastKnownFileType = "compiled.mach-o.dylib"; path = libopencc.2.dylib; sourceTree = "<group>"; };
		768BCB201BF1C62000D6F5EB /* libopencc.dylib */ = {isa = PBXFileReference; lastKnownFileType = "compiled.mach-o.dylib"; path = libopencc.dylib; sourceTree = "<group>"; };
		768BCB271BF1C69D00D6F5EB /* opencc.h */ = {isa = PBXFileReference; lastKnownFileType = sourcecode.c.h; path = opencc.h; sourceTree = "<group>"; };
		768BCB281BF1C6E700D6F5EB /* Export.hpp */ = {isa = PBXFileReference; lastKnownFileType = sourcecode.cpp.h; path = Export.hpp; sourceTree = "<group>"; };
		768BCB291BF1C6E700D6F5EB /* SimpleConverter.hpp */ = {isa = PBXFileReference; lastKnownFileType = sourcecode.cpp.h; path = SimpleConverter.hpp; sourceTree = "<group>"; };
		768BCB2A1BF1C74400D6F5EB /* HKVariants.ocd */ = {isa = PBXFileReference; lastKnownFileType = file; path = HKVariants.ocd; sourceTree = "<group>"; };
		768BCB2B1BF1C74400D6F5EB /* HKVariantsPhrases.ocd */ = {isa = PBXFileReference; lastKnownFileType = file; path = HKVariantsPhrases.ocd; sourceTree = "<group>"; };
		768BCB2C1BF1C74400D6F5EB /* s2hk.json */ = {isa = PBXFileReference; fileEncoding = 4; lastKnownFileType = text.json; path = s2hk.json; sourceTree = "<group>"; };
		768BCB2D1BF1C74400D6F5EB /* s2t.json */ = {isa = PBXFileReference; fileEncoding = 4; lastKnownFileType = text.json; path = s2t.json; sourceTree = "<group>"; };
		768BCB2E1BF1C74400D6F5EB /* s2tw.json */ = {isa = PBXFileReference; fileEncoding = 4; lastKnownFileType = text.json; path = s2tw.json; sourceTree = "<group>"; };
		768BCB2F1BF1C74400D6F5EB /* STCharacters.ocd */ = {isa = PBXFileReference; lastKnownFileType = file; path = STCharacters.ocd; sourceTree = "<group>"; };
		768BCB301BF1C74400D6F5EB /* STPhrases.ocd */ = {isa = PBXFileReference; lastKnownFileType = file; path = STPhrases.ocd; sourceTree = "<group>"; };
		768BCB311BF1C74400D6F5EB /* t2s.json */ = {isa = PBXFileReference; fileEncoding = 4; lastKnownFileType = text.json; path = t2s.json; sourceTree = "<group>"; };
		768BCB321BF1C74400D6F5EB /* TSCharacters.ocd */ = {isa = PBXFileReference; lastKnownFileType = file; path = TSCharacters.ocd; sourceTree = "<group>"; };
		768BCB331BF1C74400D6F5EB /* TSPhrases.ocd */ = {isa = PBXFileReference; lastKnownFileType = file; path = TSPhrases.ocd; sourceTree = "<group>"; };
		768BCB341BF1C74400D6F5EB /* TWVariants.ocd */ = {isa = PBXFileReference; lastKnownFileType = file; path = TWVariants.ocd; sourceTree = "<group>"; };
		768BCB421BF1C84B00D6F5EB /* ChineseConverter.swift */ = {isa = PBXFileReference; fileEncoding = 4; lastKnownFileType = sourcecode.swift; path = ChineseConverter.swift; sourceTree = "<group>"; };
		769AFC3F1C29A9C600215A6D /* MessageWindowController.swift */ = {isa = PBXFileReference; fileEncoding = 4; lastKnownFileType = sourcecode.swift; path = MessageWindowController.swift; sourceTree = "<group>"; };
		76C046CF1BF2178B005053AC /* AppController.swift */ = {isa = PBXFileReference; fileEncoding = 4; lastKnownFileType = sourcecode.swift; path = AppController.swift; sourceTree = "<group>"; };
		76C046D21BF21876005053AC /* Base */ = {isa = PBXFileReference; lastKnownFileType = file.xib; name = Base; path = Base.lproj/Preferences.xib; sourceTree = "<group>"; };
		76C047171BF2E335005053AC /* DBPrefsWindowController.h */ = {isa = PBXFileReference; fileEncoding = 4; lastKnownFileType = sourcecode.c.h; path = DBPrefsWindowController.h; sourceTree = "<group>"; };
		76C047181BF2E335005053AC /* DBPrefsWindowController.m */ = {isa = PBXFileReference; fileEncoding = 4; lastKnownFileType = sourcecode.c.objc; path = DBPrefsWindowController.m; sourceTree = "<group>"; };
		76C047251BF2F34C005053AC /* AppPrefsWindowController.swift */ = {isa = PBXFileReference; fileEncoding = 4; lastKnownFileType = sourcecode.swift; path = AppPrefsWindowController.swift; sourceTree = "<group>"; };
		76C511591BEC6F8F0095F510 /* LyricsX.app */ = {isa = PBXFileReference; explicitFileType = wrapper.application; includeInIndex = 0; path = LyricsX.app; sourceTree = BUILT_PRODUCTS_DIR; };
		76C5115C1BEC6F8F0095F510 /* AppDelegate.swift */ = {isa = PBXFileReference; lastKnownFileType = sourcecode.swift; path = AppDelegate.swift; sourceTree = "<group>"; };
		76C5115E1BEC6F8F0095F510 /* Assets.xcassets */ = {isa = PBXFileReference; lastKnownFileType = folder.assetcatalog; path = Assets.xcassets; sourceTree = "<group>"; };
		76C511611BEC6F8F0095F510 /* Base */ = {isa = PBXFileReference; lastKnownFileType = file.xib; name = Base; path = Base.lproj/MainMenu.xib; sourceTree = "<group>"; };
		76C511631BEC6F8F0095F510 /* Info.plist */ = {isa = PBXFileReference; lastKnownFileType = text.plist.xml; path = Info.plist; sourceTree = "<group>"; };
		76C511771BEC6FD50095F510 /* Macros.swift */ = {isa = PBXFileReference; fileEncoding = 4; lastKnownFileType = sourcecode.swift; path = Macros.swift; sourceTree = "<group>"; };
		76D060421C02B8D8000DA86C /* LyricsX Helper.app */ = {isa = PBXFileReference; explicitFileType = wrapper.application; includeInIndex = 0; path = "LyricsX Helper.app"; sourceTree = BUILT_PRODUCTS_DIR; };
		76D060441C02B8D8000DA86C /* AppDelegate.swift */ = {isa = PBXFileReference; lastKnownFileType = sourcecode.swift; path = AppDelegate.swift; sourceTree = "<group>"; };
		76D060461C02B8D9000DA86C /* Assets.xcassets */ = {isa = PBXFileReference; lastKnownFileType = folder.assetcatalog; path = Assets.xcassets; sourceTree = "<group>"; };
		76D060491C02B8D9000DA86C /* Base */ = {isa = PBXFileReference; lastKnownFileType = file.xib; name = Base; path = Base.lproj/MainMenu.xib; sourceTree = "<group>"; };
		76D0604B1C02B8D9000DA86C /* Info.plist */ = {isa = PBXFileReference; lastKnownFileType = text.plist.xml; path = Info.plist; sourceTree = "<group>"; };
		76D0605D1C02B930000DA86C /* ServiceManagement.framework */ = {isa = PBXFileReference; lastKnownFileType = wrapper.framework; name = ServiceManagement.framework; path = System/Library/Frameworks/ServiceManagement.framework; sourceTree = SDKROOT; };
		76D060681C02E997000DA86C /* Lyrics-Prefix.pch */ = {isa = PBXFileReference; lastKnownFileType = sourcecode.c.h; path = "Lyrics-Prefix.pch"; sourceTree = "<group>"; };
		76D060741C03221B000DA86C /* zh-Hans */ = {isa = PBXFileReference; lastKnownFileType = file.xib; name = "zh-Hans"; path = "zh-Hans.lproj/Preferences.xib"; sourceTree = "<group>"; };
		76D060751C032220000DA86C /* zh-Hant */ = {isa = PBXFileReference; lastKnownFileType = file.xib; name = "zh-Hant"; path = "zh-Hant.lproj/Preferences.xib"; sourceTree = "<group>"; };
		76ECE2611C31222B00089705 /* LrcMaker.app */ = {isa = PBXFileReference; lastKnownFileType = wrapper.application; name = LrcMaker.app; path = "Build-In App/LrcMaker.app"; sourceTree = "<group>"; };
		76ECE2621C31222B00089705 /* LrcMerger.app */ = {isa = PBXFileReference; lastKnownFileType = wrapper.application; name = LrcMerger.app; path = "Build-In App/LrcMerger.app"; sourceTree = "<group>"; };
		76ECE2631C31222B00089705 /* LrcSeeker.app */ = {isa = PBXFileReference; lastKnownFileType = wrapper.application; name = LrcSeeker.app; path = "Build-In App/LrcSeeker.app"; sourceTree = "<group>"; };
		76FE94401BFC223600A1AC27 /* TextPreview.swift */ = {isa = PBXFileReference; fileEncoding = 4; lastKnownFileType = sourcecode.swift; path = TextPreview.swift; sourceTree = "<group>"; };
		76FF43781BEF9BAB00D2B14F /* QuartzCore.framework */ = {isa = PBXFileReference; lastKnownFileType = wrapper.framework; name = QuartzCore.framework; path = System/Library/Frameworks/QuartzCore.framework; sourceTree = SDKROOT; };
/* End PBXFileReference section */

/* Begin PBXFrameworksBuildPhase section */
		76C511561BEC6F8F0095F510 /* Frameworks */ = {
			isa = PBXFrameworksBuildPhase;
			buildActionMask = 2147483647;
			files = (
				7633A2FF1C202F9500D58360 /* CoreGraphics.framework in Frameworks */,
				76D0605E1C02B930000DA86C /* ServiceManagement.framework in Frameworks */,
				768BCAE41BF185AD00D6F5EB /* ScriptingBridge.framework in Frameworks */,
				76FF43791BEF9BAB00D2B14F /* QuartzCore.framework in Frameworks */,
				763763C81C292754003EB0B5 /* MASShortcut.framework in Frameworks */,
				768BCB231BF1C62000D6F5EB /* libopencc.dylib in Frameworks */,
				768BCB211BF1C62000D6F5EB /* libopencc.1.0.0.dylib in Frameworks */,
				768BCB221BF1C62000D6F5EB /* libopencc.2.dylib in Frameworks */,
			);
			runOnlyForDeploymentPostprocessing = 0;
		};
		76D0603F1C02B8D8000DA86C /* Frameworks */ = {
			isa = PBXFrameworksBuildPhase;
			buildActionMask = 2147483647;
			files = (
				76D0606B1C02FBCD000DA86C /* ScriptingBridge.framework in Frameworks */,
			);
			runOnlyForDeploymentPostprocessing = 0;
		};
/* End PBXFrameworksBuildPhase section */

/* Begin PBXGroup section */
		760A01921C01A38C00015C62 /* QianQian */ = {
			isa = PBXGroup;
			children = (
				760A01861C01A36700015C62 /* QianQian.h */,
				760A01871C01A36700015C62 /* QianQian.m */,
				760A01881C01A36700015C62 /* XMLParserForQianQian.h */,
				760A01891C01A36700015C62 /* XMLParserForQianQian.m */,
			);
			name = QianQian;
			sourceTree = "<group>";
		};
		760A01931C01A39900015C62 /* Xiami */ = {
			isa = PBXGroup;
			children = (
				760A018C1C01A37400015C62 /* Xiami.h */,
				760A018D1C01A37400015C62 /* Xiami.m */,
				760A018E1C01A37400015C62 /* XMLParserForXiami.h */,
				760A018F1C01A37400015C62 /* XMLParserForXiami.m */,
			);
			name = Xiami;
			sourceTree = "<group>";
		};
		764B0A801C30D0F00048419B /* Build-In Apps */ = {
			isa = PBXGroup;
			children = (
				76ECE2611C31222B00089705 /* LrcMaker.app */,
				76ECE2621C31222B00089705 /* LrcMerger.app */,
				76ECE2631C31222B00089705 /* LrcSeeker.app */,
			);
			name = "Build-In Apps";
			sourceTree = "<group>";
		};
		764B0A851C30D1680048419B /* QQ */ = {
			isa = PBXGroup;
			children = (
				764B0A811C30D1600048419B /* QQMusic.swift */,
				764B0A821C30D1600048419B /* XMLParserForQQ.swift */,
			);
			name = QQ;
			sourceTree = "<group>";
		};
		76596BB91BF6216A00DEEF62 /* Lyrics Sources */ = {
			isa = PBXGroup;
			children = (
				760A017D1C01A33400015C62 /* SongInfos.h */,
				760A017E1C01A33400015C62 /* SongInfos.m */,
				760A017F1C01A33400015C62 /* GeCiMe.h */,
				760A01801C01A33400015C62 /* GeCiMe.m */,
				760A01811C01A33400015C62 /* TTPod.h */,
				760A01821C01A33400015C62 /* TTPod.m */,
				764B0A851C30D1680048419B /* QQ */,
				760A01921C01A38C00015C62 /* QianQian */,
				760A01931C01A39900015C62 /* Xiami */,
			);
			name = "Lyrics Sources";
			sourceTree = "<group>";
		};
		765FC4A01BEE4F5800BF3706 /* Support Files */ = {
			isa = PBXGroup;
			children = (
				76C5115E1BEC6F8F0095F510 /* Assets.xcassets */,
				76C511631BEC6F8F0095F510 /* Info.plist */,
				768BCB401BF1C74C00D6F5EB /* OpenCC Res */,
			);
			name = "Support Files";
			sourceTree = "<group>";
		};
		765FC4A31BEE508100BF3706 /* Wins & Views */ = {
			isa = PBXGroup;
			children = (
				768203AE1C2B6FA900DB93F0 /* MenuBarLyrics.swift */,
				7660C5011BF05471002E3204 /* LyricsWindowController.swift */,
				76C047251BF2F34C005053AC /* AppPrefsWindowController.swift */,
				760012281BFD9FAC00C7C1E4 /* LyricsEditWindowController.swift */,
				766F03C41C049372003F4790 /* LyricsEditView.swift */,
				76FE94401BFC223600A1AC27 /* TextPreview.swift */,
				769AFC3F1C29A9C600215A6D /* MessageWindowController.swift */,
				7622A7621C2A6757001250DD /* ClickView.swift */,
				76C047171BF2E335005053AC /* DBPrefsWindowController.h */,
				76C047181BF2E335005053AC /* DBPrefsWindowController.m */,
			);
			name = "Wins & Views";
			sourceTree = "<group>";
		};
		765FC4A41BEE50A000BF3706 /* UI */ = {
			isa = PBXGroup;
			children = (
				7642B9021BF4709300D68FE9 /* StatusMenu.xib */,
				76C046D11BF21876005053AC /* Preferences.xib */,
				7600121C1BFD9ECC00C7C1E4 /* LyricsEditWindow.xib */,
				76C511601BEC6F8F0095F510 /* MainMenu.xib */,
				7678AA061BFF526700FE848C /* Localizable.strings */,
			);
			name = UI;
			sourceTree = "<group>";
		};
		765FC4A61BEE50DF00BF3706 /* Libraries & Frameworks */ = {
			isa = PBXGroup;
			children = (
				768BCB1E1BF1C62000D6F5EB /* libopencc.1.0.0.dylib */,
				768BCB1F1BF1C62000D6F5EB /* libopencc.2.dylib */,
				768BCB201BF1C62000D6F5EB /* libopencc.dylib */,
				763763C71C292754003EB0B5 /* MASShortcut.framework */,
				7633A2FE1C202F9500D58360 /* CoreGraphics.framework */,
				76D0605D1C02B930000DA86C /* ServiceManagement.framework */,
				768BCAE31BF185AD00D6F5EB /* ScriptingBridge.framework */,
				76FF43781BEF9BAB00D2B14F /* QuartzCore.framework */,
			);
			name = "Libraries & Frameworks";
			sourceTree = "<group>";
		};
		765FC4A71BEE511D00BF3706 /* Headers */ = {
			isa = PBXGroup;
			children = (
				7642B9061BF488AB00D68FE9 /* iTunes.h */,
				768BCB271BF1C69D00D6F5EB /* opencc.h */,
				768BCB281BF1C6E700D6F5EB /* Export.hpp */,
				768BCB291BF1C6E700D6F5EB /* SimpleConverter.hpp */,
				765B7F8A1C2E3B320066F2B4 /* NSStatusBar+NSStatusBar_Private.h */,
				768BCAE51BF1866400D6F5EB /* Lyrics-Bridging-Header.h */,
				76D060681C02E997000DA86C /* Lyrics-Prefix.pch */,
			);
			name = Headers;
			sourceTree = "<group>";
		};
		768BCB401BF1C74C00D6F5EB /* OpenCC Res */ = {
			isa = PBXGroup;
			children = (
				768BCB2C1BF1C74400D6F5EB /* s2hk.json */,
				768BCB2D1BF1C74400D6F5EB /* s2t.json */,
				768BCB2E1BF1C74400D6F5EB /* s2tw.json */,
				768BCB311BF1C74400D6F5EB /* t2s.json */,
				768BCB2A1BF1C74400D6F5EB /* HKVariants.ocd */,
				768BCB2B1BF1C74400D6F5EB /* HKVariantsPhrases.ocd */,
				768BCB2F1BF1C74400D6F5EB /* STCharacters.ocd */,
				768BCB301BF1C74400D6F5EB /* STPhrases.ocd */,
				768BCB321BF1C74400D6F5EB /* TSCharacters.ocd */,
				768BCB331BF1C74400D6F5EB /* TSPhrases.ocd */,
				768BCB341BF1C74400D6F5EB /* TWVariants.ocd */,
			);
			name = "OpenCC Res";
			sourceTree = "<group>";
		};
		768BCB411BF1C81200D6F5EB /* Other Source */ = {
			isa = PBXGroup;
			children = (
				7642B9001BF45B0100D68FE9 /* LyricsLineModel.swift */,
				768BCB421BF1C84B00D6F5EB /* ChineseConverter.swift */,
				76C511771BEC6FD50095F510 /* Macros.swift */,
				764334911BF95ECF00C4B740 /* iTunesBridge.h */,
				764334921BF95ECF00C4B740 /* iTunesBridge.m */,
			);
			name = "Other Source";
			sourceTree = "<group>";
		};
		76C511501BEC6F8F0095F510 = {
			isa = PBXGroup;
			children = (
				76C5115B1BEC6F8F0095F510 /* Lyrics */,
				76D060431C02B8D8000DA86C /* LyricsX Helper */,
				764B0A801C30D0F00048419B /* Build-In Apps */,
				76C5115A1BEC6F8F0095F510 /* Products */,
			);
			sourceTree = "<group>";
		};
		76C5115A1BEC6F8F0095F510 /* Products */ = {
			isa = PBXGroup;
			children = (
				76C511591BEC6F8F0095F510 /* LyricsX.app */,
				76D060421C02B8D8000DA86C /* LyricsX Helper.app */,
			);
			name = Products;
			sourceTree = "<group>";
		};
		76C5115B1BEC6F8F0095F510 /* Lyrics */ = {
			isa = PBXGroup;
			children = (
				76C5115C1BEC6F8F0095F510 /* AppDelegate.swift */,
				76C046CF1BF2178B005053AC /* AppController.swift */,
				765FC4A71BEE511D00BF3706 /* Headers */,
				765FC4A41BEE50A000BF3706 /* UI */,
				765FC4A31BEE508100BF3706 /* Wins & Views */,
				768BCB411BF1C81200D6F5EB /* Other Source */,
				76596BB91BF6216A00DEEF62 /* Lyrics Sources */,
				765FC4A61BEE50DF00BF3706 /* Libraries & Frameworks */,
				765FC4A01BEE4F5800BF3706 /* Support Files */,
			);
			path = Lyrics;
			sourceTree = "<group>";
		};
		76D060431C02B8D8000DA86C /* LyricsX Helper */ = {
			isa = PBXGroup;
			children = (
				76D060441C02B8D8000DA86C /* AppDelegate.swift */,
				766D670C1C03530E00B5405B /* iTunes.h */,
				766D670D1C03530E00B5405B /* iTunesBridge.h */,
				766D670E1C03530E00B5405B /* iTunesBridge.m */,
				766D670B1C03530D00B5405B /* LyricsX Helper-Bridging-Header.h */,
				76D060461C02B8D9000DA86C /* Assets.xcassets */,
				76D060481C02B8D9000DA86C /* MainMenu.xib */,
				76D0604B1C02B8D9000DA86C /* Info.plist */,
			);
			path = "LyricsX Helper";
			sourceTree = "<group>";
		};
/* End PBXGroup section */

/* Begin PBXNativeTarget section */
		76C511581BEC6F8F0095F510 /* LyricsX */ = {
			isa = PBXNativeTarget;
			buildConfigurationList = 76C511711BEC6F8F0095F510 /* Build configuration list for PBXNativeTarget "LyricsX" */;
			buildPhases = (
				76C511551BEC6F8F0095F510 /* Sources */,
				76C511561BEC6F8F0095F510 /* Frameworks */,
				76C511571BEC6F8F0095F510 /* Resources */,
				76D0605F1C02BAD5000DA86C /* CopyFiles */,
				76D060611C02BE1D000DA86C /* CopyFiles */,
				763763CB1C292909003EB0B5 /* CopyFiles */,
			);
			buildRules = (
			);
			dependencies = (
			);
			name = LyricsX;
			productName = Lyrics;
			productReference = 76C511591BEC6F8F0095F510 /* LyricsX.app */;
			productType = "com.apple.product-type.application";
		};
		76D060411C02B8D8000DA86C /* LyricsX Helper */ = {
			isa = PBXNativeTarget;
			buildConfigurationList = 76D060571C02B8D9000DA86C /* Build configuration list for PBXNativeTarget "LyricsX Helper" */;
			buildPhases = (
				76D0603E1C02B8D8000DA86C /* Sources */,
				76D0603F1C02B8D8000DA86C /* Frameworks */,
				76D060401C02B8D8000DA86C /* Resources */,
			);
			buildRules = (
			);
			dependencies = (
			);
			name = "LyricsX Helper";
			productName = "LyricsX Helper";
			productReference = 76D060421C02B8D8000DA86C /* LyricsX Helper.app */;
			productType = "com.apple.product-type.application";
		};
/* End PBXNativeTarget section */

/* Begin PBXProject section */
		76C511511BEC6F8F0095F510 /* Project object */ = {
			isa = PBXProject;
			attributes = {
				LastSwiftUpdateCheck = 0710;
				LastUpgradeCheck = 0710;
				ORGANIZATIONNAME = Eru;
				TargetAttributes = {
					76C511581BEC6F8F0095F510 = {
						CreatedOnToolsVersion = 7.1;
					};
					76D060411C02B8D8000DA86C = {
						CreatedOnToolsVersion = 7.1;
					};
				};
			};
			buildConfigurationList = 76C511541BEC6F8F0095F510 /* Build configuration list for PBXProject "Lyrics" */;
			compatibilityVersion = "Xcode 3.2";
			developmentRegion = English;
			hasScannedForEncodings = 0;
			knownRegions = (
				en,
				Base,
				"zh-Hans",
				"zh-Hant",
			);
			mainGroup = 76C511501BEC6F8F0095F510;
			productRefGroup = 76C5115A1BEC6F8F0095F510 /* Products */;
			projectDirPath = "";
			projectRoot = "";
			targets = (
				76C511581BEC6F8F0095F510 /* LyricsX */,
				76D060411C02B8D8000DA86C /* LyricsX Helper */,
			);
		};
/* End PBXProject section */

/* Begin PBXResourcesBuildPhase section */
		76C511571BEC6F8F0095F510 /* Resources */ = {
			isa = PBXResourcesBuildPhase;
			buildActionMask = 2147483647;
			files = (
				768BCB241BF1C64200D6F5EB /* libopencc.1.0.0.dylib in Resources */,
				768BCB251BF1C64600D6F5EB /* libopencc.2.dylib in Resources */,
				768BCB361BF1C74400D6F5EB /* HKVariantsPhrases.ocd in Resources */,
				7642B9041BF4709300D68FE9 /* StatusMenu.xib in Resources */,
				768BCB3A1BF1C74400D6F5EB /* STCharacters.ocd in Resources */,
				768BCB381BF1C74400D6F5EB /* s2t.json in Resources */,
				768BCB261BF1C64900D6F5EB /* libopencc.dylib in Resources */,
				768BCB3C1BF1C74400D6F5EB /* t2s.json in Resources */,
				7600121E1BFD9ECC00C7C1E4 /* LyricsEditWindow.xib in Resources */,
				7678AA081BFF526700FE848C /* Localizable.strings in Resources */,
				768BCB391BF1C74400D6F5EB /* s2tw.json in Resources */,
				768BCB3D1BF1C74400D6F5EB /* TSCharacters.ocd in Resources */,
				76C5115F1BEC6F8F0095F510 /* Assets.xcassets in Resources */,
				768BCB371BF1C74400D6F5EB /* s2hk.json in Resources */,
				768BCB3B1BF1C74400D6F5EB /* STPhrases.ocd in Resources */,
				768BCB351BF1C74400D6F5EB /* HKVariants.ocd in Resources */,
				768BCB3F1BF1C74400D6F5EB /* TWVariants.ocd in Resources */,
				768BCB3E1BF1C74400D6F5EB /* TSPhrases.ocd in Resources */,
				76C046D31BF21876005053AC /* Preferences.xib in Resources */,
				76C511621BEC6F8F0095F510 /* MainMenu.xib in Resources */,
			);
			runOnlyForDeploymentPostprocessing = 0;
		};
		76D060401C02B8D8000DA86C /* Resources */ = {
			isa = PBXResourcesBuildPhase;
			buildActionMask = 2147483647;
			files = (
				76D060471C02B8D9000DA86C /* Assets.xcassets in Resources */,
				76D0604A1C02B8D9000DA86C /* MainMenu.xib in Resources */,
			);
			runOnlyForDeploymentPostprocessing = 0;
		};
/* End PBXResourcesBuildPhase section */

/* Begin PBXSourcesBuildPhase section */
		76C511551BEC6F8F0095F510 /* Sources */ = {
			isa = PBXSourcesBuildPhase;
			buildActionMask = 2147483647;
			files = (
				76C047261BF2F34C005053AC /* AppPrefsWindowController.swift in Sources */,
				764334931BF95ECF00C4B740 /* iTunesBridge.m in Sources */,
				76FE94411BFC223600A1AC27 /* TextPreview.swift in Sources */,
				760A018A1C01A36700015C62 /* QianQian.m in Sources */,
				7660C5021BF05471002E3204 /* LyricsWindowController.swift in Sources */,
				7622A7631C2A6757001250DD /* ClickView.swift in Sources */,
				760A01831C01A33400015C62 /* SongInfos.m in Sources */,
				760A01851C01A33400015C62 /* TTPod.m in Sources */,
				760A01841C01A33400015C62 /* GeCiMe.m in Sources */,
				760A018B1C01A36700015C62 /* XMLParserForQianQian.m in Sources */,
				769AFC401C29A9C600215A6D /* MessageWindowController.swift in Sources */,
				768203AF1C2B6FA900DB93F0 /* MenuBarLyrics.swift in Sources */,
				76C511781BEC6FD50095F510 /* Macros.swift in Sources */,
				768BCB431BF1C84B00D6F5EB /* ChineseConverter.swift in Sources */,
				764B0A841C30D1600048419B /* XMLParserForQQ.swift in Sources */,
				76C5115D1BEC6F8F0095F510 /* AppDelegate.swift in Sources */,
				760A01901C01A37400015C62 /* Xiami.m in Sources */,
				764B0A831C30D1600048419B /* QQMusic.swift in Sources */,
				766F03C51C049372003F4790 /* LyricsEditView.swift in Sources */,
				760A01911C01A37400015C62 /* XMLParserForXiami.m in Sources */,
				76C0471A1BF2E335005053AC /* DBPrefsWindowController.m in Sources */,
				76C046D01BF2178B005053AC /* AppController.swift in Sources */,
				760012291BFD9FAC00C7C1E4 /* LyricsEditWindowController.swift in Sources */,
				7642B9011BF45B0100D68FE9 /* LyricsLineModel.swift in Sources */,
			);
			runOnlyForDeploymentPostprocessing = 0;
		};
		76D0603E1C02B8D8000DA86C /* Sources */ = {
			isa = PBXSourcesBuildPhase;
			buildActionMask = 2147483647;
			files = (
				766D670F1C03530E00B5405B /* iTunesBridge.m in Sources */,
				76D060451C02B8D8000DA86C /* AppDelegate.swift in Sources */,
			);
			runOnlyForDeploymentPostprocessing = 0;
		};
/* End PBXSourcesBuildPhase section */

/* Begin PBXVariantGroup section */
		7600121C1BFD9ECC00C7C1E4 /* LyricsEditWindow.xib */ = {
			isa = PBXVariantGroup;
			children = (
				7600121D1BFD9ECC00C7C1E4 /* Base */,
				7678A9F41BFF428200FE848C /* zh-Hans */,
				7678A9F71BFF428900FE848C /* zh-Hant */,
			);
			name = LyricsEditWindow.xib;
			sourceTree = "<group>";
		};
		7642B9021BF4709300D68FE9 /* StatusMenu.xib */ = {
			isa = PBXVariantGroup;
			children = (
				7642B9031BF4709300D68FE9 /* Base */,
				7678A9FC1BFF475900FE848C /* zh-Hant */,
				7678A9FD1BFF475D00FE848C /* zh-Hans */,
			);
			name = StatusMenu.xib;
			sourceTree = "<group>";
		};
		7678AA061BFF526700FE848C /* Localizable.strings */ = {
			isa = PBXVariantGroup;
			children = (
				7678AA071BFF526700FE848C /* Base */,
				7678AA091BFF552700FE848C /* zh-Hans */,
				7678AA0A1BFF552900FE848C /* zh-Hant */,
			);
			name = Localizable.strings;
			sourceTree = "<group>";
		};
		76C046D11BF21876005053AC /* Preferences.xib */ = {
			isa = PBXVariantGroup;
			children = (
				76C046D21BF21876005053AC /* Base */,
				76D060741C03221B000DA86C /* zh-Hans */,
				76D060751C032220000DA86C /* zh-Hant */,
			);
			name = Preferences.xib;
			sourceTree = "<group>";
		};
		76C511601BEC6F8F0095F510 /* MainMenu.xib */ = {
			isa = PBXVariantGroup;
			children = (
				76C511611BEC6F8F0095F510 /* Base */,
			);
			name = MainMenu.xib;
			sourceTree = "<group>";
		};
		76D060481C02B8D9000DA86C /* MainMenu.xib */ = {
			isa = PBXVariantGroup;
			children = (
				76D060491C02B8D9000DA86C /* Base */,
			);
			name = MainMenu.xib;
			sourceTree = "<group>";
		};
/* End PBXVariantGroup section */

/* Begin XCBuildConfiguration section */
		76C5116F1BEC6F8F0095F510 /* Debug */ = {
			isa = XCBuildConfiguration;
			buildSettings = {
				ALWAYS_SEARCH_USER_PATHS = NO;
				CLANG_CXX_LANGUAGE_STANDARD = "gnu++0x";
				CLANG_CXX_LIBRARY = "libc++";
				CLANG_ENABLE_MODULES = YES;
				CLANG_ENABLE_OBJC_ARC = YES;
				CLANG_WARN_BOOL_CONVERSION = YES;
				CLANG_WARN_CONSTANT_CONVERSION = YES;
				CLANG_WARN_DIRECT_OBJC_ISA_USAGE = YES_ERROR;
				CLANG_WARN_EMPTY_BODY = YES;
				CLANG_WARN_ENUM_CONVERSION = YES;
				CLANG_WARN_INT_CONVERSION = YES;
				CLANG_WARN_OBJC_ROOT_CLASS = YES_ERROR;
				CLANG_WARN_UNREACHABLE_CODE = YES;
				CLANG_WARN__DUPLICATE_METHOD_MATCH = YES;
				CODE_SIGN_IDENTITY = "-";
				COPY_PHASE_STRIP = NO;
				DEBUG_INFORMATION_FORMAT = dwarf;
				ENABLE_STRICT_OBJC_MSGSEND = YES;
				ENABLE_TESTABILITY = YES;
				GCC_C_LANGUAGE_STANDARD = gnu99;
				GCC_DYNAMIC_NO_PIC = NO;
				GCC_NO_COMMON_BLOCKS = YES;
				GCC_OPTIMIZATION_LEVEL = 0;
				GCC_PREPROCESSOR_DEFINITIONS = (
					"DEBUG=1",
					"$(inherited)",
				);
				GCC_WARN_64_TO_32_BIT_CONVERSION = YES;
				GCC_WARN_ABOUT_RETURN_TYPE = YES_ERROR;
				GCC_WARN_UNDECLARED_SELECTOR = YES;
				GCC_WARN_UNINITIALIZED_AUTOS = YES_AGGRESSIVE;
				GCC_WARN_UNUSED_FUNCTION = YES;
				GCC_WARN_UNUSED_VARIABLE = YES;
				MACOSX_DEPLOYMENT_TARGET = 10.9;
				MTL_ENABLE_DEBUG_INFO = YES;
				ONLY_ACTIVE_ARCH = YES;
				OTHER_SWIFT_FLAGS = "-D DEBUG";
				SDKROOT = macosx;
				SWIFT_OPTIMIZATION_LEVEL = "-Onone";
			};
			name = Debug;
		};
		76C511701BEC6F8F0095F510 /* Release */ = {
			isa = XCBuildConfiguration;
			buildSettings = {
				ALWAYS_SEARCH_USER_PATHS = NO;
				CLANG_CXX_LANGUAGE_STANDARD = "gnu++0x";
				CLANG_CXX_LIBRARY = "libc++";
				CLANG_ENABLE_MODULES = YES;
				CLANG_ENABLE_OBJC_ARC = YES;
				CLANG_WARN_BOOL_CONVERSION = YES;
				CLANG_WARN_CONSTANT_CONVERSION = YES;
				CLANG_WARN_DIRECT_OBJC_ISA_USAGE = YES_ERROR;
				CLANG_WARN_EMPTY_BODY = YES;
				CLANG_WARN_ENUM_CONVERSION = YES;
				CLANG_WARN_INT_CONVERSION = YES;
				CLANG_WARN_OBJC_ROOT_CLASS = YES_ERROR;
				CLANG_WARN_UNREACHABLE_CODE = YES;
				CLANG_WARN__DUPLICATE_METHOD_MATCH = YES;
				CODE_SIGN_IDENTITY = "-";
				COPY_PHASE_STRIP = NO;
				DEBUG_INFORMATION_FORMAT = "dwarf-with-dsym";
				ENABLE_NS_ASSERTIONS = NO;
				ENABLE_STRICT_OBJC_MSGSEND = YES;
				GCC_C_LANGUAGE_STANDARD = gnu99;
				GCC_NO_COMMON_BLOCKS = YES;
				GCC_WARN_64_TO_32_BIT_CONVERSION = YES;
				GCC_WARN_ABOUT_RETURN_TYPE = YES_ERROR;
				GCC_WARN_UNDECLARED_SELECTOR = YES;
				GCC_WARN_UNINITIALIZED_AUTOS = YES_AGGRESSIVE;
				GCC_WARN_UNUSED_FUNCTION = YES;
				GCC_WARN_UNUSED_VARIABLE = YES;
				MACOSX_DEPLOYMENT_TARGET = 10.9;
				MTL_ENABLE_DEBUG_INFO = NO;
				SDKROOT = macosx;
			};
			name = Release;
		};
		76C511721BEC6F8F0095F510 /* Debug */ = {
			isa = XCBuildConfiguration;
			buildSettings = {
				ASSETCATALOG_COMPILER_APPICON_NAME = AppIcon;
				CLANG_ENABLE_MODULES = YES;
				COMBINE_HIDPI_IMAGES = YES;
				DEFINES_MODULE = YES;
				FRAMEWORK_SEARCH_PATHS = (
					"$(inherited)",
					"$(PROJECT_DIR)/Lyrics",
				);
				GCC_PREFIX_HEADER = "$(SRCROOT)/Lyrics/Lyrics-Prefix.pch";
				INFOPLIST_FILE = Lyrics/Info.plist;
				LD_RUNPATH_SEARCH_PATHS = "$(inherited) @executable_path/../Frameworks @executable_path/../Resources";
				LIBRARY_SEARCH_PATHS = (
					"$(inherited)",
					"$(PROJECT_DIR)/Lyrics",
				);
				MACOSX_DEPLOYMENT_TARGET = 10.9;
				PRODUCT_BUNDLE_IDENTIFIER = Eru.Lyrics;
				PRODUCT_MODULE_NAME = "$(PRODUCT_NAME:c99extidentifier)";
				PRODUCT_NAME = "$(TARGET_NAME)";
				SWIFT_OBJC_BRIDGING_HEADER = "Lyrics/Lyrics-Bridging-Header.h";
				SWIFT_OPTIMIZATION_LEVEL = "-Onone";
			};
			name = Debug;
		};
		76C511731BEC6F8F0095F510 /* Release */ = {
			isa = XCBuildConfiguration;
			buildSettings = {
				ASSETCATALOG_COMPILER_APPICON_NAME = AppIcon;
				CLANG_ENABLE_MODULES = YES;
				COMBINE_HIDPI_IMAGES = YES;
				DEFINES_MODULE = YES;
				FRAMEWORK_SEARCH_PATHS = (
					"$(inherited)",
					"$(PROJECT_DIR)/Lyrics",
				);
				GCC_PREFIX_HEADER = "$(SRCROOT)/Lyrics/Lyrics-Prefix.pch";
				INFOPLIST_FILE = Lyrics/Info.plist;
				LD_RUNPATH_SEARCH_PATHS = "$(inherited) @executable_path/../Frameworks @executable_path/../Resources";
				LIBRARY_SEARCH_PATHS = (
					"$(inherited)",
					"$(PROJECT_DIR)/Lyrics",
				);
				MACOSX_DEPLOYMENT_TARGET = 10.9;
				PRODUCT_BUNDLE_IDENTIFIER = Eru.Lyrics;
				PRODUCT_MODULE_NAME = "$(PRODUCT_NAME:c99extidentifier)";
				PRODUCT_NAME = "$(TARGET_NAME)";
				SWIFT_OBJC_BRIDGING_HEADER = "Lyrics/Lyrics-Bridging-Header.h";
			};
			name = Release;
		};
		76D060581C02B8D9000DA86C /* Debug */ = {
			isa = XCBuildConfiguration;
			buildSettings = {
				ASSETCATALOG_COMPILER_APPICON_NAME = AppIcon;
				CLANG_ENABLE_MODULES = YES;
				COMBINE_HIDPI_IMAGES = YES;
				INFOPLIST_FILE = "LyricsX Helper/Info.plist";
				LD_RUNPATH_SEARCH_PATHS = "$(inherited) @executable_path/../Frameworks";
				MACOSX_DEPLOYMENT_TARGET = 10.9;
				PRODUCT_BUNDLE_IDENTIFIER = "Eru.LyricsX-Helper";
				PRODUCT_NAME = "$(TARGET_NAME)";
				SKIP_INSTALL = YES;
				SWIFT_OBJC_BRIDGING_HEADER = "LyricsX Helper/LyricsX Helper-Bridging-Header.h";
				SWIFT_OPTIMIZATION_LEVEL = "-Onone";
			};
			name = Debug;
		};
		76D060591C02B8D9000DA86C /* Release */ = {
			isa = XCBuildConfiguration;
			buildSettings = {
				ASSETCATALOG_COMPILER_APPICON_NAME = AppIcon;
				CLANG_ENABLE_MODULES = YES;
				COMBINE_HIDPI_IMAGES = YES;
				INFOPLIST_FILE = "LyricsX Helper/Info.plist";
				LD_RUNPATH_SEARCH_PATHS = "$(inherited) @executable_path/../Frameworks";
				MACOSX_DEPLOYMENT_TARGET = 10.9;
				PRODUCT_BUNDLE_IDENTIFIER = "Eru.LyricsX-Helper";
				PRODUCT_NAME = "$(TARGET_NAME)";
				SKIP_INSTALL = YES;
				SWIFT_OBJC_BRIDGING_HEADER = "LyricsX Helper/LyricsX Helper-Bridging-Header.h";
			};
			name = Release;
		};
/* End XCBuildConfiguration section */

/* Begin XCConfigurationList section */
		76C511541BEC6F8F0095F510 /* Build configuration list for PBXProject "Lyrics" */ = {
			isa = XCConfigurationList;
			buildConfigurations = (
				76C5116F1BEC6F8F0095F510 /* Debug */,
				76C511701BEC6F8F0095F510 /* Release */,
			);
			defaultConfigurationIsVisible = 0;
			defaultConfigurationName = Release;
		};
		76C511711BEC6F8F0095F510 /* Build configuration list for PBXNativeTarget "LyricsX" */ = {
			isa = XCConfigurationList;
			buildConfigurations = (
				76C511721BEC6F8F0095F510 /* Debug */,
				76C511731BEC6F8F0095F510 /* Release */,
			);
			defaultConfigurationIsVisible = 0;
			defaultConfigurationName = Release;
		};
		76D060571C02B8D9000DA86C /* Build configuration list for PBXNativeTarget "LyricsX Helper" */ = {
			isa = XCConfigurationList;
			buildConfigurations = (
				76D060581C02B8D9000DA86C /* Debug */,
				76D060591C02B8D9000DA86C /* Release */,
			);
			defaultConfigurationIsVisible = 0;
			defaultConfigurationName = Release;
		};
/* End XCConfigurationList section */
	};
	rootObject = 76C511511BEC6F8F0095F510 /* Project object */;
}
