// !$*UTF8*$!
{
	archiveVersion = 1;
	classes = {
	};
	objectVersion = 46;
	objects = {

/* Begin PBXBuildFile section */
		0810658D1F48327F00B59D6E /* LyricsWindowController.swift in Sources */ = {isa = PBXBuildFile; fileRef = 0810658B1F48327F00B59D6E /* LyricsWindowController.swift */; };
		0810658E1F48327F00B59D6E /* LyricsWindowController.xib in Resources */ = {isa = PBXBuildFile; fileRef = 0810658C1F48327F00B59D6E /* LyricsWindowController.xib */; };
		0832B3671F3E8EAF00D6A771 /* UserDefaults+Subscript.swift in Sources */ = {isa = PBXBuildFile; fileRef = 0832B3661F3E8EAF00D6A771 /* UserDefaults+Subscript.swift */; };
		0832B3691F3E93B800D6A771 /* PreferenceKey.swift in Sources */ = {isa = PBXBuildFile; fileRef = 0832B3681F3E93B800D6A771 /* PreferenceKey.swift */; };
		08C957C11F3E9B8E000300A2 /* GeneralSetting.swift in Sources */ = {isa = PBXBuildFile; fileRef = 08C957C01F3E9B8E000300A2 /* GeneralSetting.swift */; };
		08DA3DC01F3E839F001AB6BC /* Identiferable.swift in Sources */ = {isa = PBXBuildFile; fileRef = 08DA3DBF1F3E839F001AB6BC /* Identiferable.swift */; };
		760726251F4F9AED008308D0 /* LyricsViewController.xib in Resources */ = {isa = PBXBuildFile; fileRef = 760726241F4F9AED008308D0 /* LyricsViewController.xib */; };
		766D999F1F30BD0300820D27 /* LyricsDisplayView.swift in Sources */ = {isa = PBXBuildFile; fileRef = 766D999A1F30BD0300820D27 /* LyricsDisplayView.swift */; };
		766D99A01F30BD0300820D27 /* Layout.swift in Sources */ = {isa = PBXBuildFile; fileRef = 766D999B1F30BD0300820D27 /* Layout.swift */; };
		766D99A11F30BD0300820D27 /* CTLineData.swift in Sources */ = {isa = PBXBuildFile; fileRef = 766D999C1F30BD0300820D27 /* CTLineData.swift */; };
		766D99A21F30BD0300820D27 /* CTRunData.swift in Sources */ = {isa = PBXBuildFile; fileRef = 766D999D1F30BD0300820D27 /* CTRunData.swift */; };
		766D99A31F30BD0300820D27 /* CTGlyphData.swift in Sources */ = {isa = PBXBuildFile; fileRef = 766D999E1F30BD0300820D27 /* CTGlyphData.swift */; };
		766D99A61F30BD6500820D27 /* CharacterSet+CustomSet.swift in Sources */ = {isa = PBXBuildFile; fileRef = 766D99A51F30BD6500820D27 /* CharacterSet+CustomSet.swift */; };
		7681639D1EAC994E00CB17A9 /* GlobalDefine.swift in Sources */ = {isa = PBXBuildFile; fileRef = 7681639C1EAC994E00CB17A9 /* GlobalDefine.swift */; };
		76A1E5A51E7EA2F800B24C93 /* AppDelegate.swift in Sources */ = {isa = PBXBuildFile; fileRef = 76A1E5A41E7EA2F800B24C93 /* AppDelegate.swift */; };
		76A1E5A71E7EA2F800B24C93 /* Assets.xcassets in Resources */ = {isa = PBXBuildFile; fileRef = 76A1E5A61E7EA2F800B24C93 /* Assets.xcassets */; };
		76A1E5B91E7EA3F000B24C93 /* ApplicationController.swift in Sources */ = {isa = PBXBuildFile; fileRef = 76A1E5B51E7EA3F000B24C93 /* ApplicationController.swift */; };
		76A1E5BA1E7EA3F100B24C93 /* StatusMenuController.swift in Sources */ = {isa = PBXBuildFile; fileRef = 76A1E5B61E7EA3F000B24C93 /* StatusMenuController.swift */; };
		76A1E5BB1E7EA3F100B24C93 /* StatusMenuController+Display.swift in Sources */ = {isa = PBXBuildFile; fileRef = 76A1E5B71E7EA3F000B24C93 /* StatusMenuController+Display.swift */; };
		76A1E5BC1E7EA3F100B24C93 /* StatusMenuController+Main.swift in Sources */ = {isa = PBXBuildFile; fileRef = 76A1E5B81E7EA3F000B24C93 /* StatusMenuController+Main.swift */; };
		76A1E5C71E7EA48300B24C93 /* StatusMenu.xib in Resources */ = {isa = PBXBuildFile; fileRef = 76A1E5C61E7EA48300B24C93 /* StatusMenu.xib */; };
		76ABF37B1EA51E4A00CD544A /* MainMenu.xib in Resources */ = {isa = PBXBuildFile; fileRef = 76ABF37A1EA51E4A00CD544A /* MainMenu.xib */; };
		76CBB6D11F4A57FC00E62775 /* LyricsViewController.swift in Sources */ = {isa = PBXBuildFile; fileRef = 76CBB6CF1F4A57FC00E62775 /* LyricsViewController.swift */; };
		76FDABA51F51C26C00C43B46 /* UserDefaults+Register.swift in Sources */ = {isa = PBXBuildFile; fileRef = 76FDABA41F51C26C00C43B46 /* UserDefaults+Register.swift */; };
		88666EEB1FABE2A200CAFD04 /* PreferencesWindow.framework in Frameworks */ = {isa = PBXBuildFile; fileRef = 88666EEA1FABE2A200CAFD04 /* PreferencesWindow.framework */; };
		88666EEC1FABE2A800CAFD04 /* PreferencesWindow.framework in Frameworks */ = {isa = PBXBuildFile; fileRef = 88666EEA1FABE2A200CAFD04 /* PreferencesWindow.framework */; };
		88666EED1FABE2A800CAFD04 /* PreferencesWindow.framework in Embed Frameworks */ = {isa = PBXBuildFile; fileRef = 88666EEA1FABE2A200CAFD04 /* PreferencesWindow.framework */; settings = {ATTRIBUTES = (CodeSignOnCopy, RemoveHeadersOnCopy, ); }; };
		889786C71FAB7AC40058A317 /* Alamofire.framework in Frameworks */ = {isa = PBXBuildFile; fileRef = 889786A61FAB7A960058A317 /* Alamofire.framework */; };
		889786C81FAB7AC40058A317 /* Alamofire.framework in Embed Frameworks */ = {isa = PBXBuildFile; fileRef = 889786A61FAB7A960058A317 /* Alamofire.framework */; settings = {ATTRIBUTES = (CodeSignOnCopy, RemoveHeadersOnCopy, ); }; };
		889786C91FAB7AC40058A317 /* iTunesBridge.framework in Frameworks */ = {isa = PBXBuildFile; fileRef = 8897869F1FAB7A960058A317 /* iTunesBridge.framework */; };
		889786CA1FAB7AC40058A317 /* iTunesBridge.framework in Embed Frameworks */ = {isa = PBXBuildFile; fileRef = 8897869F1FAB7A960058A317 /* iTunesBridge.framework */; settings = {ATTRIBUTES = (CodeSignOnCopy, RemoveHeadersOnCopy, ); }; };
		889786CB1FAB7AC40058A317 /* LyricsService.framework in Frameworks */ = {isa = PBXBuildFile; fileRef = 889786A01FAB7A960058A317 /* LyricsService.framework */; };
		889786CC1FAB7AC40058A317 /* LyricsService.framework in Embed Frameworks */ = {isa = PBXBuildFile; fileRef = 889786A01FAB7A960058A317 /* LyricsService.framework */; settings = {ATTRIBUTES = (CodeSignOnCopy, RemoveHeadersOnCopy, ); }; };
		889786CD1FAB7AC40058A317 /* MusicPlayer.framework in Frameworks */ = {isa = PBXBuildFile; fileRef = 889786A11FAB7A960058A317 /* MusicPlayer.framework */; };
		889786CE1FAB7AC40058A317 /* MusicPlayer.framework in Embed Frameworks */ = {isa = PBXBuildFile; fileRef = 889786A11FAB7A960058A317 /* MusicPlayer.framework */; settings = {ATTRIBUTES = (CodeSignOnCopy, RemoveHeadersOnCopy, ); }; };
		889786CF1FAB7AC50058A317 /* OpenCCSwift.framework in Frameworks */ = {isa = PBXBuildFile; fileRef = 889786A21FAB7A960058A317 /* OpenCCSwift.framework */; };
		889786D01FAB7AC50058A317 /* OpenCCSwift.framework in Embed Frameworks */ = {isa = PBXBuildFile; fileRef = 889786A21FAB7A960058A317 /* OpenCCSwift.framework */; settings = {ATTRIBUTES = (CodeSignOnCopy, RemoveHeadersOnCopy, ); }; };
		889786D11FAB7AC50058A317 /* SDWebImage.framework in Frameworks */ = {isa = PBXBuildFile; fileRef = 889786A31FAB7A960058A317 /* SDWebImage.framework */; };
		889786D21FAB7AC50058A317 /* SDWebImage.framework in Embed Frameworks */ = {isa = PBXBuildFile; fileRef = 889786A31FAB7A960058A317 /* SDWebImage.framework */; settings = {ATTRIBUTES = (CodeSignOnCopy, RemoveHeadersOnCopy, ); }; };
		889786D31FAB7AC50058A317 /* SnapKit.framework in Frameworks */ = {isa = PBXBuildFile; fileRef = 889786A71FAB7A960058A317 /* SnapKit.framework */; };
		889786D41FAB7AC50058A317 /* SnapKit.framework in Embed Frameworks */ = {isa = PBXBuildFile; fileRef = 889786A71FAB7A960058A317 /* SnapKit.framework */; settings = {ATTRIBUTES = (CodeSignOnCopy, RemoveHeadersOnCopy, ); }; };
		889786D51FAB7AC50058A317 /* SpotifyBridge.framework in Frameworks */ = {isa = PBXBuildFile; fileRef = 889786A81FAB7A970058A317 /* SpotifyBridge.framework */; };
		889786D61FAB7AC50058A317 /* SpotifyBridge.framework in Embed Frameworks */ = {isa = PBXBuildFile; fileRef = 889786A81FAB7A970058A317 /* SpotifyBridge.framework */; settings = {ATTRIBUTES = (CodeSignOnCopy, RemoveHeadersOnCopy, ); }; };
		889786D71FAB7AC50058A317 /* SwiftyJSON.framework in Frameworks */ = {isa = PBXBuildFile; fileRef = 889786A51FAB7A960058A317 /* SwiftyJSON.framework */; };
		889786D81FAB7AC50058A317 /* SwiftyJSON.framework in Embed Frameworks */ = {isa = PBXBuildFile; fileRef = 889786A51FAB7A960058A317 /* SwiftyJSON.framework */; settings = {ATTRIBUTES = (CodeSignOnCopy, RemoveHeadersOnCopy, ); }; };
		889786D91FAB7AC50058A317 /* VoxBridge.framework in Frameworks */ = {isa = PBXBuildFile; fileRef = 889786A41FAB7A960058A317 /* VoxBridge.framework */; };
		889786DA1FAB7AC50058A317 /* VoxBridge.framework in Embed Frameworks */ = {isa = PBXBuildFile; fileRef = 889786A41FAB7A960058A317 /* VoxBridge.framework */; settings = {ATTRIBUTES = (CodeSignOnCopy, RemoveHeadersOnCopy, ); }; };
		889786DC1FAB7AD80058A317 /* libz.tbd in Frameworks */ = {isa = PBXBuildFile; fileRef = 76C76ABD1F06A32A005CD379 /* libz.tbd */; };
		F47CD6631F426C15002EE363 /* LyricSetting.swift in Sources */ = {isa = PBXBuildFile; fileRef = F47CD6621F426C15002EE363 /* LyricSetting.swift */; };
/* End PBXBuildFile section */

/* Begin PBXCopyFilesBuildPhase section */
		889786DB1FAB7AC50058A317 /* Embed Frameworks */ = {
			isa = PBXCopyFilesBuildPhase;
			buildActionMask = 2147483647;
			dstPath = "";
			dstSubfolderSpec = 10;
			files = (
				889786C81FAB7AC40058A317 /* Alamofire.framework in Embed Frameworks */,
				889786DA1FAB7AC50058A317 /* VoxBridge.framework in Embed Frameworks */,
				889786CA1FAB7AC40058A317 /* iTunesBridge.framework in Embed Frameworks */,
				889786D81FAB7AC50058A317 /* SwiftyJSON.framework in Embed Frameworks */,
				88666EED1FABE2A800CAFD04 /* PreferencesWindow.framework in Embed Frameworks */,
				889786CC1FAB7AC40058A317 /* LyricsService.framework in Embed Frameworks */,
				889786D41FAB7AC50058A317 /* SnapKit.framework in Embed Frameworks */,
				889786CE1FAB7AC40058A317 /* MusicPlayer.framework in Embed Frameworks */,
				889786D21FAB7AC50058A317 /* SDWebImage.framework in Embed Frameworks */,
				889786D61FAB7AC50058A317 /* SpotifyBridge.framework in Embed Frameworks */,
				889786D01FAB7AC50058A317 /* OpenCCSwift.framework in Embed Frameworks */,
			);
			name = "Embed Frameworks";
			runOnlyForDeploymentPostprocessing = 0;
		};
/* End PBXCopyFilesBuildPhase section */

/* Begin PBXFileReference section */
		0810658B1F48327F00B59D6E /* LyricsWindowController.swift */ = {isa = PBXFileReference; lastKnownFileType = sourcecode.swift; path = LyricsWindowController.swift; sourceTree = "<group>"; };
		0810658C1F48327F00B59D6E /* LyricsWindowController.xib */ = {isa = PBXFileReference; lastKnownFileType = file.xib; path = LyricsWindowController.xib; sourceTree = "<group>"; };
		0832B3661F3E8EAF00D6A771 /* UserDefaults+Subscript.swift */ = {isa = PBXFileReference; lastKnownFileType = sourcecode.swift; path = "UserDefaults+Subscript.swift"; sourceTree = "<group>"; };
		0832B3681F3E93B800D6A771 /* PreferenceKey.swift */ = {isa = PBXFileReference; lastKnownFileType = sourcecode.swift; path = PreferenceKey.swift; sourceTree = "<group>"; };
		08C957C01F3E9B8E000300A2 /* GeneralSetting.swift */ = {isa = PBXFileReference; lastKnownFileType = sourcecode.swift; path = GeneralSetting.swift; sourceTree = "<group>"; };
		08DA3DBF1F3E839F001AB6BC /* Identiferable.swift */ = {isa = PBXFileReference; lastKnownFileType = sourcecode.swift; path = Identiferable.swift; sourceTree = "<group>"; };
		760726241F4F9AED008308D0 /* LyricsViewController.xib */ = {isa = PBXFileReference; lastKnownFileType = file.xib; path = LyricsViewController.xib; sourceTree = "<group>"; };
		766D999A1F30BD0300820D27 /* LyricsDisplayView.swift */ = {isa = PBXFileReference; fileEncoding = 4; lastKnownFileType = sourcecode.swift; path = LyricsDisplayView.swift; sourceTree = "<group>"; };
		766D999B1F30BD0300820D27 /* Layout.swift */ = {isa = PBXFileReference; fileEncoding = 4; lastKnownFileType = sourcecode.swift; path = Layout.swift; sourceTree = "<group>"; };
		766D999C1F30BD0300820D27 /* CTLineData.swift */ = {isa = PBXFileReference; fileEncoding = 4; lastKnownFileType = sourcecode.swift; path = CTLineData.swift; sourceTree = "<group>"; };
		766D999D1F30BD0300820D27 /* CTRunData.swift */ = {isa = PBXFileReference; fileEncoding = 4; lastKnownFileType = sourcecode.swift; path = CTRunData.swift; sourceTree = "<group>"; };
		766D999E1F30BD0300820D27 /* CTGlyphData.swift */ = {isa = PBXFileReference; fileEncoding = 4; lastKnownFileType = sourcecode.swift; path = CTGlyphData.swift; sourceTree = "<group>"; };
		766D99A51F30BD6500820D27 /* CharacterSet+CustomSet.swift */ = {isa = PBXFileReference; fileEncoding = 4; lastKnownFileType = sourcecode.swift; path = "CharacterSet+CustomSet.swift"; sourceTree = "<group>"; };
		7681639C1EAC994E00CB17A9 /* GlobalDefine.swift */ = {isa = PBXFileReference; fileEncoding = 4; lastKnownFileType = sourcecode.swift; path = GlobalDefine.swift; sourceTree = "<group>"; };
		76A1E5A11E7EA2F800B24C93 /* LyricsX.app */ = {isa = PBXFileReference; explicitFileType = wrapper.application; includeInIndex = 0; path = LyricsX.app; sourceTree = BUILT_PRODUCTS_DIR; };
		76A1E5A41E7EA2F800B24C93 /* AppDelegate.swift */ = {isa = PBXFileReference; lastKnownFileType = sourcecode.swift; path = AppDelegate.swift; sourceTree = "<group>"; };
		76A1E5A61E7EA2F800B24C93 /* Assets.xcassets */ = {isa = PBXFileReference; lastKnownFileType = folder.assetcatalog; path = Assets.xcassets; sourceTree = "<group>"; };
		76A1E5AB1E7EA2F800B24C93 /* Info.plist */ = {isa = PBXFileReference; lastKnownFileType = text.plist.xml; path = Info.plist; sourceTree = "<group>"; };
		76A1E5B51E7EA3F000B24C93 /* ApplicationController.swift */ = {isa = PBXFileReference; fileEncoding = 4; lastKnownFileType = sourcecode.swift; path = ApplicationController.swift; sourceTree = "<group>"; };
		76A1E5B61E7EA3F000B24C93 /* StatusMenuController.swift */ = {isa = PBXFileReference; fileEncoding = 4; lastKnownFileType = sourcecode.swift; path = StatusMenuController.swift; sourceTree = "<group>"; };
		76A1E5B71E7EA3F000B24C93 /* StatusMenuController+Display.swift */ = {isa = PBXFileReference; fileEncoding = 4; lastKnownFileType = sourcecode.swift; path = "StatusMenuController+Display.swift"; sourceTree = "<group>"; };
		76A1E5B81E7EA3F000B24C93 /* StatusMenuController+Main.swift */ = {isa = PBXFileReference; fileEncoding = 4; lastKnownFileType = sourcecode.swift; path = "StatusMenuController+Main.swift"; sourceTree = "<group>"; };
		76A1E5C61E7EA48300B24C93 /* StatusMenu.xib */ = {isa = PBXFileReference; fileEncoding = 4; lastKnownFileType = file.xib; path = StatusMenu.xib; sourceTree = "<group>"; };
		76ABF3731EA516DF00CD544A /* LyricsX-Prefix.pch */ = {isa = PBXFileReference; fileEncoding = 4; lastKnownFileType = sourcecode.c.h; path = "LyricsX-Prefix.pch"; sourceTree = "<group>"; };
		76ABF37A1EA51E4A00CD544A /* MainMenu.xib */ = {isa = PBXFileReference; fileEncoding = 4; lastKnownFileType = file.xib; path = MainMenu.xib; sourceTree = "<group>"; };
		76C76ABD1F06A32A005CD379 /* libz.tbd */ = {isa = PBXFileReference; lastKnownFileType = "sourcecode.text-based-dylib-definition"; name = libz.tbd; path = usr/lib/libz.tbd; sourceTree = SDKROOT; };
		76CBB6CF1F4A57FC00E62775 /* LyricsViewController.swift */ = {isa = PBXFileReference; lastKnownFileType = sourcecode.swift; path = LyricsViewController.swift; sourceTree = "<group>"; };
		76FDABA41F51C26C00C43B46 /* UserDefaults+Register.swift */ = {isa = PBXFileReference; lastKnownFileType = sourcecode.swift; path = "UserDefaults+Register.swift"; sourceTree = "<group>"; };
		88666EEA1FABE2A200CAFD04 /* PreferencesWindow.framework */ = {isa = PBXFileReference; lastKnownFileType = wrapper.framework; name = PreferencesWindow.framework; path = Carthage/Build/Mac/PreferencesWindow.framework; sourceTree = SOURCE_ROOT; };
		8897869F1FAB7A960058A317 /* iTunesBridge.framework */ = {isa = PBXFileReference; lastKnownFileType = wrapper.framework; name = iTunesBridge.framework; path = Carthage/Build/Mac/iTunesBridge.framework; sourceTree = SOURCE_ROOT; };
		889786A01FAB7A960058A317 /* LyricsService.framework */ = {isa = PBXFileReference; lastKnownFileType = wrapper.framework; name = LyricsService.framework; path = Carthage/Build/Mac/LyricsService.framework; sourceTree = SOURCE_ROOT; };
		889786A11FAB7A960058A317 /* MusicPlayer.framework */ = {isa = PBXFileReference; lastKnownFileType = wrapper.framework; name = MusicPlayer.framework; path = Carthage/Build/Mac/MusicPlayer.framework; sourceTree = SOURCE_ROOT; };
		889786A21FAB7A960058A317 /* OpenCCSwift.framework */ = {isa = PBXFileReference; lastKnownFileType = wrapper.framework; name = OpenCCSwift.framework; path = Carthage/Build/Mac/OpenCCSwift.framework; sourceTree = SOURCE_ROOT; };
		889786A31FAB7A960058A317 /* SDWebImage.framework */ = {isa = PBXFileReference; lastKnownFileType = wrapper.framework; name = SDWebImage.framework; path = Carthage/Build/Mac/SDWebImage.framework; sourceTree = SOURCE_ROOT; };
		889786A41FAB7A960058A317 /* VoxBridge.framework */ = {isa = PBXFileReference; lastKnownFileType = wrapper.framework; name = VoxBridge.framework; path = Carthage/Build/Mac/VoxBridge.framework; sourceTree = SOURCE_ROOT; };
		889786A51FAB7A960058A317 /* SwiftyJSON.framework */ = {isa = PBXFileReference; lastKnownFileType = wrapper.framework; name = SwiftyJSON.framework; path = Carthage/Build/Mac/SwiftyJSON.framework; sourceTree = SOURCE_ROOT; };
		889786A61FAB7A960058A317 /* Alamofire.framework */ = {isa = PBXFileReference; lastKnownFileType = wrapper.framework; name = Alamofire.framework; path = Carthage/Build/Mac/Alamofire.framework; sourceTree = SOURCE_ROOT; };
		889786A71FAB7A960058A317 /* SnapKit.framework */ = {isa = PBXFileReference; lastKnownFileType = wrapper.framework; name = SnapKit.framework; path = Carthage/Build/Mac/SnapKit.framework; sourceTree = SOURCE_ROOT; };
		889786A81FAB7A970058A317 /* SpotifyBridge.framework */ = {isa = PBXFileReference; lastKnownFileType = wrapper.framework; name = SpotifyBridge.framework; path = Carthage/Build/Mac/SpotifyBridge.framework; sourceTree = SOURCE_ROOT; };
		F47CD6621F426C15002EE363 /* LyricSetting.swift */ = {isa = PBXFileReference; lastKnownFileType = sourcecode.swift; path = LyricSetting.swift; sourceTree = "<group>"; };
/* End PBXFileReference section */

/* Begin PBXFrameworksBuildPhase section */
		76A1E59E1E7EA2F800B24C93 /* Frameworks */ = {
			isa = PBXFrameworksBuildPhase;
			buildActionMask = 2147483647;
			files = (
				889786C71FAB7AC40058A317 /* Alamofire.framework in Frameworks */,
				889786D91FAB7AC50058A317 /* VoxBridge.framework in Frameworks */,
				889786C91FAB7AC40058A317 /* iTunesBridge.framework in Frameworks */,
				889786D71FAB7AC50058A317 /* SwiftyJSON.framework in Frameworks */,
				88666EEC1FABE2A800CAFD04 /* PreferencesWindow.framework in Frameworks */,
				889786CB1FAB7AC40058A317 /* LyricsService.framework in Frameworks */,
				889786D31FAB7AC50058A317 /* SnapKit.framework in Frameworks */,
				889786CD1FAB7AC40058A317 /* MusicPlayer.framework in Frameworks */,
				889786D11FAB7AC50058A317 /* SDWebImage.framework in Frameworks */,
				889786D51FAB7AC50058A317 /* SpotifyBridge.framework in Frameworks */,
				88666EEB1FABE2A200CAFD04 /* PreferencesWindow.framework in Frameworks */,
				889786CF1FAB7AC50058A317 /* OpenCCSwift.framework in Frameworks */,
				889786DC1FAB7AD80058A317 /* libz.tbd in Frameworks */,
			);
			runOnlyForDeploymentPostprocessing = 0;
		};
/* End PBXFrameworksBuildPhase section */

/* Begin PBXGroup section */
		08C957BE1F3E9B02000300A2 /* UserDefaultSettable */ = {
			isa = PBXGroup;
			children = (
				08DA3DBF1F3E839F001AB6BC /* Identiferable.swift */,
				0832B3681F3E93B800D6A771 /* PreferenceKey.swift */,
				0832B3661F3E8EAF00D6A771 /* UserDefaults+Subscript.swift */,
				76FDABA41F51C26C00C43B46 /* UserDefaults+Register.swift */,
			);
			name = UserDefaultSettable;
			sourceTree = "<group>";
		};
		08C957BF1F3E9B3F000300A2 /* UserDefaultKey */ = {
			isa = PBXGroup;
			children = (
				08C957C01F3E9B8E000300A2 /* GeneralSetting.swift */,
				F47CD6621F426C15002EE363 /* LyricSetting.swift */,
			);
			name = UserDefaultKey;
			sourceTree = "<group>";
		};
		762623541EE9AD700081AF13 /* User Defaults */ = {
			isa = PBXGroup;
			children = (
				08C957BE1F3E9B02000300A2 /* UserDefaultSettable */,
				08C957BF1F3E9B3F000300A2 /* UserDefaultKey */,
			);
			name = "User Defaults";
			sourceTree = "<group>";
		};
		766D99A41F30BD0E00820D27 /* CoreText */ = {
			isa = PBXGroup;
			children = (
				766D999A1F30BD0300820D27 /* LyricsDisplayView.swift */,
				766D999B1F30BD0300820D27 /* Layout.swift */,
				766D999C1F30BD0300820D27 /* CTLineData.swift */,
				766D999D1F30BD0300820D27 /* CTRunData.swift */,
				766D999E1F30BD0300820D27 /* CTGlyphData.swift */,
			);
			name = CoreText;
			sourceTree = "<group>";
		};
		76A1E5981E7EA2F800B24C93 = {
			isa = PBXGroup;
			children = (
				76A1E5A31E7EA2F800B24C93 /* LyricsX */,
				76ABF36F1EA5144300CD544A /* Frameworks */,
				76A1E5A21E7EA2F800B24C93 /* Products */,
			);
			sourceTree = "<group>";
		};
		76A1E5A21E7EA2F800B24C93 /* Products */ = {
			isa = PBXGroup;
			children = (
				76A1E5A11E7EA2F800B24C93 /* LyricsX.app */,
			);
			name = Products;
			sourceTree = "<group>";
		};
		76A1E5A31E7EA2F800B24C93 /* LyricsX */ = {
			isa = PBXGroup;
			children = (
				76A1E5A41E7EA2F800B24C93 /* AppDelegate.swift */,
				76A1E5B51E7EA3F000B24C93 /* ApplicationController.swift */,
				76ABF3741EA517E300CD544A /* Core Layer */,
				76C374C91EA3612D004E5438 /* UI Layer */,
				76ABF3701EA5161B00CD544A /* Resource */,
			);
			path = LyricsX;
			sourceTree = "<group>";
		};
		76A1E5C81E7EA48800B24C93 /* StatusMenu */ = {
			isa = PBXGroup;
			children = (
				76A1E5B61E7EA3F000B24C93 /* StatusMenuController.swift */,
				76A1E5B71E7EA3F000B24C93 /* StatusMenuController+Display.swift */,
				76A1E5B81E7EA3F000B24C93 /* StatusMenuController+Main.swift */,
				76A1E5C61E7EA48300B24C93 /* StatusMenu.xib */,
			);
			name = StatusMenu;
			sourceTree = "<group>";
		};
		76ABF36F1EA5144300CD544A /* Frameworks */ = {
			isa = PBXGroup;
			children = (
				88666EEA1FABE2A200CAFD04 /* PreferencesWindow.framework */,
				889786A61FAB7A960058A317 /* Alamofire.framework */,
				8897869F1FAB7A960058A317 /* iTunesBridge.framework */,
				889786A01FAB7A960058A317 /* LyricsService.framework */,
				889786A11FAB7A960058A317 /* MusicPlayer.framework */,
				889786A21FAB7A960058A317 /* OpenCCSwift.framework */,
				889786A31FAB7A960058A317 /* SDWebImage.framework */,
				889786A71FAB7A960058A317 /* SnapKit.framework */,
				889786A81FAB7A970058A317 /* SpotifyBridge.framework */,
				889786A51FAB7A960058A317 /* SwiftyJSON.framework */,
				889786A41FAB7A960058A317 /* VoxBridge.framework */,
				76C76ABD1F06A32A005CD379 /* libz.tbd */,
			);
			name = Frameworks;
			path = LyricsX;
			sourceTree = "<group>";
		};
		76ABF3701EA5161B00CD544A /* Resource */ = {
			isa = PBXGroup;
			children = (
				76A1E5A61E7EA2F800B24C93 /* Assets.xcassets */,
				76A1E5AB1E7EA2F800B24C93 /* Info.plist */,
			);
			name = Resource;
			sourceTree = "<group>";
		};
		76ABF3711EA5164000CD544A /* Public Header */ = {
			isa = PBXGroup;
			children = (
				76ABF3731EA516DF00CD544A /* LyricsX-Prefix.pch */,
				7681639C1EAC994E00CB17A9 /* GlobalDefine.swift */,
			);
			name = "Public Header";
			sourceTree = "<group>";
		};
		76ABF3741EA517E300CD544A /* Core Layer */ = {
			isa = PBXGroup;
			children = (
				76C76ABA1F06A178005CD379 /* Utilities */,
				76ABF3711EA5164000CD544A /* Public Header */,
				762623541EE9AD700081AF13 /* User Defaults */,
			);
			name = "Core Layer";
			sourceTree = "<group>";
		};
		76C374C91EA3612D004E5438 /* UI Layer */ = {
			isa = PBXGroup;
			children = (
				76ABF37A1EA51E4A00CD544A /* MainMenu.xib */,
				76E390931EECFC7400DBF06E /* DesktopLyrice */,
				76A1E5C81E7EA48800B24C93 /* StatusMenu */,
			);
			name = "UI Layer";
			sourceTree = "<group>";
		};
		76C76ABA1F06A178005CD379 /* Utilities */ = {
			isa = PBXGroup;
			children = (
				766D99A51F30BD6500820D27 /* CharacterSet+CustomSet.swift */,
			);
			name = Utilities;
			sourceTree = "<group>";
		};
		76E390931EECFC7400DBF06E /* DesktopLyrice */ = {
			isa = PBXGroup;
			children = (
				766D99A41F30BD0E00820D27 /* CoreText */,
				76CBB6CF1F4A57FC00E62775 /* LyricsViewController.swift */,
				760726241F4F9AED008308D0 /* LyricsViewController.xib */,
				0810658B1F48327F00B59D6E /* LyricsWindowController.swift */,
				0810658C1F48327F00B59D6E /* LyricsWindowController.xib */,
			);
			name = DesktopLyrice;
			sourceTree = "<group>";
		};
/* End PBXGroup section */

/* Begin PBXNativeTarget section */
		76A1E5A01E7EA2F800B24C93 /* LyricsX */ = {
			isa = PBXNativeTarget;
			buildConfigurationList = 76A1E5AE1E7EA2F800B24C93 /* Build configuration list for PBXNativeTarget "LyricsX" */;
			buildPhases = (
				76A1E59D1E7EA2F800B24C93 /* Sources */,
				76A1E59E1E7EA2F800B24C93 /* Frameworks */,
				76A1E59F1E7EA2F800B24C93 /* Resources */,
				889786DB1FAB7AC50058A317 /* Embed Frameworks */,
			);
			buildRules = (
			);
			dependencies = (
			);
			name = LyricsX;
			productName = LyricsX;
			productReference = 76A1E5A11E7EA2F800B24C93 /* LyricsX.app */;
			productType = "com.apple.product-type.application";
		};
/* End PBXNativeTarget section */

/* Begin PBXProject section */
		76A1E5991E7EA2F800B24C93 /* Project object */ = {
			isa = PBXProject;
			attributes = {
				LastSwiftUpdateCheck = 0830;
				LastUpgradeCheck = 0900;
				ORGANIZATIONNAME = Eru;
				TargetAttributes = {
					76A1E5A01E7EA2F800B24C93 = {
						CreatedOnToolsVersion = 8.2.1;
						DevelopmentTeam = V7RJA6U5A6;
						LastSwiftMigration = 0900;
						ProvisioningStyle = Automatic;
					};
				};
			};
			buildConfigurationList = 76A1E59C1E7EA2F800B24C93 /* Build configuration list for PBXProject "LyricsX" */;
			compatibilityVersion = "Xcode 3.2";
			developmentRegion = English;
			hasScannedForEncodings = 0;
			knownRegions = (
				en,
				Base,
			);
			mainGroup = 76A1E5981E7EA2F800B24C93;
			productRefGroup = 76A1E5A21E7EA2F800B24C93 /* Products */;
			projectDirPath = "";
			projectRoot = "";
			targets = (
				76A1E5A01E7EA2F800B24C93 /* LyricsX */,
			);
		};
/* End PBXProject section */

/* Begin PBXResourcesBuildPhase section */
		76A1E59F1E7EA2F800B24C93 /* Resources */ = {
			isa = PBXResourcesBuildPhase;
			buildActionMask = 2147483647;
			files = (
				76A1E5A71E7EA2F800B24C93 /* Assets.xcassets in Resources */,
				0810658E1F48327F00B59D6E /* LyricsWindowController.xib in Resources */,
				76A1E5C71E7EA48300B24C93 /* StatusMenu.xib in Resources */,
				76ABF37B1EA51E4A00CD544A /* MainMenu.xib in Resources */,
				760726251F4F9AED008308D0 /* LyricsViewController.xib in Resources */,
			);
			runOnlyForDeploymentPostprocessing = 0;
		};
/* End PBXResourcesBuildPhase section */

/* Begin PBXSourcesBuildPhase section */
		76A1E59D1E7EA2F800B24C93 /* Sources */ = {
			isa = PBXSourcesBuildPhase;
			buildActionMask = 2147483647;
			files = (
				76A1E5BA1E7EA3F100B24C93 /* StatusMenuController.swift in Sources */,
				76CBB6D11F4A57FC00E62775 /* LyricsViewController.swift in Sources */,
				76A1E5B91E7EA3F000B24C93 /* ApplicationController.swift in Sources */,
				766D99A61F30BD6500820D27 /* CharacterSet+CustomSet.swift in Sources */,
				0810658D1F48327F00B59D6E /* LyricsWindowController.swift in Sources */,
				08C957C11F3E9B8E000300A2 /* GeneralSetting.swift in Sources */,
				7681639D1EAC994E00CB17A9 /* GlobalDefine.swift in Sources */,
				766D99A11F30BD0300820D27 /* CTLineData.swift in Sources */,
				0832B3691F3E93B800D6A771 /* PreferenceKey.swift in Sources */,
				08DA3DC01F3E839F001AB6BC /* Identiferable.swift in Sources */,
				76A1E5A51E7EA2F800B24C93 /* AppDelegate.swift in Sources */,
				76FDABA51F51C26C00C43B46 /* UserDefaults+Register.swift in Sources */,
				76A1E5BB1E7EA3F100B24C93 /* StatusMenuController+Display.swift in Sources */,
				766D99A31F30BD0300820D27 /* CTGlyphData.swift in Sources */,
				766D99A01F30BD0300820D27 /* Layout.swift in Sources */,
				766D99A21F30BD0300820D27 /* CTRunData.swift in Sources */,
				0832B3671F3E8EAF00D6A771 /* UserDefaults+Subscript.swift in Sources */,
				766D999F1F30BD0300820D27 /* LyricsDisplayView.swift in Sources */,
				F47CD6631F426C15002EE363 /* LyricSetting.swift in Sources */,
				76A1E5BC1E7EA3F100B24C93 /* StatusMenuController+Main.swift in Sources */,
			);
			runOnlyForDeploymentPostprocessing = 0;
		};
/* End PBXSourcesBuildPhase section */

/* Begin XCBuildConfiguration section */
		76A1E5AC1E7EA2F800B24C93 /* Debug */ = {
			isa = XCBuildConfiguration;
			buildSettings = {
				ALWAYS_SEARCH_USER_PATHS = NO;
				CLANG_ANALYZER_NONNULL = YES;
				CLANG_CXX_LANGUAGE_STANDARD = "gnu++0x";
				CLANG_CXX_LIBRARY = "libc++";
				CLANG_ENABLE_MODULES = YES;
				CLANG_ENABLE_OBJC_ARC = YES;
				CLANG_WARN_BLOCK_CAPTURE_AUTORELEASING = YES;
				CLANG_WARN_BOOL_CONVERSION = YES;
				CLANG_WARN_COMMA = YES;
				CLANG_WARN_CONSTANT_CONVERSION = YES;
				CLANG_WARN_DIRECT_OBJC_ISA_USAGE = YES_ERROR;
				CLANG_WARN_DOCUMENTATION_COMMENTS = YES;
				CLANG_WARN_EMPTY_BODY = YES;
				CLANG_WARN_ENUM_CONVERSION = YES;
				CLANG_WARN_INFINITE_RECURSION = YES;
				CLANG_WARN_INT_CONVERSION = YES;
				CLANG_WARN_NON_LITERAL_NULL_CONVERSION = YES;
				CLANG_WARN_OBJC_LITERAL_CONVERSION = YES;
				CLANG_WARN_OBJC_ROOT_CLASS = YES_ERROR;
				CLANG_WARN_RANGE_LOOP_ANALYSIS = YES;
				CLANG_WARN_STRICT_PROTOTYPES = YES;
				CLANG_WARN_SUSPICIOUS_MOVE = YES;
				CLANG_WARN_UNREACHABLE_CODE = YES;
				CLANG_WARN__DUPLICATE_METHOD_MATCH = YES;
				CODE_SIGN_IDENTITY = "";
				COPY_PHASE_STRIP = NO;
				DEBUG_INFORMATION_FORMAT = dwarf;
				ENABLE_STRICT_OBJC_MSGSEND = YES;
				ENABLE_TESTABILITY = YES;
				GCC_C_LANGUAGE_STANDARD = gnu99;
				GCC_DYNAMIC_NO_PIC = NO;
				GCC_NO_COMMON_BLOCKS = YES;
				GCC_OPTIMIZATION_LEVEL = 0;
				GCC_PREPROCESSOR_DEFINITIONS = (
					"DEBUG=1",
					"$(inherited)",
				);
				GCC_WARN_64_TO_32_BIT_CONVERSION = YES;
				GCC_WARN_ABOUT_RETURN_TYPE = YES_ERROR;
				GCC_WARN_UNDECLARED_SELECTOR = YES;
				GCC_WARN_UNINITIALIZED_AUTOS = YES_AGGRESSIVE;
				GCC_WARN_UNUSED_FUNCTION = YES;
				GCC_WARN_UNUSED_VARIABLE = YES;
				MACOSX_DEPLOYMENT_TARGET = 10.11;
				MTL_ENABLE_DEBUG_INFO = YES;
				ONLY_ACTIVE_ARCH = YES;
				OTHER_CODE_SIGN_FLAGS = "";
				SDKROOT = macosx;
				SWIFT_ACTIVE_COMPILATION_CONDITIONS = DEBUG;
				SWIFT_OPTIMIZATION_LEVEL = "-Onone";
				SWIFT_VERSION = 4.0;
			};
			name = Debug;
		};
		76A1E5AD1E7EA2F800B24C93 /* Release */ = {
			isa = XCBuildConfiguration;
			buildSettings = {
				ALWAYS_SEARCH_USER_PATHS = NO;
				CLANG_ANALYZER_NONNULL = YES;
				CLANG_CXX_LANGUAGE_STANDARD = "gnu++0x";
				CLANG_CXX_LIBRARY = "libc++";
				CLANG_ENABLE_MODULES = YES;
				CLANG_ENABLE_OBJC_ARC = YES;
				CLANG_WARN_BLOCK_CAPTURE_AUTORELEASING = YES;
				CLANG_WARN_BOOL_CONVERSION = YES;
				CLANG_WARN_COMMA = YES;
				CLANG_WARN_CONSTANT_CONVERSION = YES;
				CLANG_WARN_DIRECT_OBJC_ISA_USAGE = YES_ERROR;
				CLANG_WARN_DOCUMENTATION_COMMENTS = YES;
				CLANG_WARN_EMPTY_BODY = YES;
				CLANG_WARN_ENUM_CONVERSION = YES;
				CLANG_WARN_INFINITE_RECURSION = YES;
				CLANG_WARN_INT_CONVERSION = YES;
				CLANG_WARN_NON_LITERAL_NULL_CONVERSION = YES;
				CLANG_WARN_OBJC_LITERAL_CONVERSION = YES;
				CLANG_WARN_OBJC_ROOT_CLASS = YES_ERROR;
				CLANG_WARN_RANGE_LOOP_ANALYSIS = YES;
				CLANG_WARN_STRICT_PROTOTYPES = YES;
				CLANG_WARN_SUSPICIOUS_MOVE = YES;
				CLANG_WARN_UNREACHABLE_CODE = YES;
				CLANG_WARN__DUPLICATE_METHOD_MATCH = YES;
				CODE_SIGN_IDENTITY = "";
				COPY_PHASE_STRIP = NO;
				DEBUG_INFORMATION_FORMAT = "dwarf-with-dsym";
				ENABLE_NS_ASSERTIONS = NO;
				ENABLE_STRICT_OBJC_MSGSEND = YES;
				GCC_C_LANGUAGE_STANDARD = gnu99;
				GCC_NO_COMMON_BLOCKS = YES;
				GCC_WARN_64_TO_32_BIT_CONVERSION = YES;
				GCC_WARN_ABOUT_RETURN_TYPE = YES_ERROR;
				GCC_WARN_UNDECLARED_SELECTOR = YES;
				GCC_WARN_UNINITIALIZED_AUTOS = YES_AGGRESSIVE;
				GCC_WARN_UNUSED_FUNCTION = YES;
				GCC_WARN_UNUSED_VARIABLE = YES;
				MACOSX_DEPLOYMENT_TARGET = 10.11;
				MTL_ENABLE_DEBUG_INFO = NO;
				OTHER_CODE_SIGN_FLAGS = "";
				SDKROOT = macosx;
				SWIFT_OPTIMIZATION_LEVEL = "-Owholemodule";
				SWIFT_VERSION = 4.0;
			};
			name = Release;
		};
		76A1E5AF1E7EA2F800B24C93 /* Debug */ = {
			isa = XCBuildConfiguration;
			buildSettings = {
				ASSETCATALOG_COMPILER_APPICON_NAME = AppIcon;
				CLANG_ENABLE_MODULES = YES;
				CODE_SIGN_IDENTITY = "";
				COMBINE_HIDPI_IMAGES = YES;
				DEVELOPMENT_TEAM = V7RJA6U5A6;
				FRAMEWORK_SEARCH_PATHS = (
					"$(inherited)",
					"$(PROJECT_DIR)/LyricsX",
					"$(PROJECT_DIR)/Carthage/Build/Mac",
				);
				GCC_PREFIX_HEADER = "$(SRCROOT)/LyricsX/LyricsX-Prefix.pch";
				INFOPLIST_FILE = LyricsX/Info.plist;
				LD_RUNPATH_SEARCH_PATHS = "$(inherited) @executable_path/../Frameworks @loader_path/../Frameworks";
				LIBRARY_SEARCH_PATHS = (
					"$(inherited)",
					"$(PROJECT_DIR)/LyricsX",
				);
				MACH_O_TYPE = mh_execute;
				MACOSX_DEPLOYMENT_TARGET = 10.11;
				OTHER_CODE_SIGN_FLAGS = "";
				PRODUCT_BUNDLE_IDENTIFIER = MichaelRow.LyricsX;
				PRODUCT_NAME = "$(TARGET_NAME)";
				SWIFT_OBJC_BRIDGING_HEADER = "";
				SWIFT_OPTIMIZATION_LEVEL = "-Onone";
				SWIFT_SWIFT3_OBJC_INFERENCE = On;
				SWIFT_VERSION = 4.0;
			};
			name = Debug;
		};
		76A1E5B01E7EA2F800B24C93 /* Release */ = {
			isa = XCBuildConfiguration;
			buildSettings = {
				ASSETCATALOG_COMPILER_APPICON_NAME = AppIcon;
				CLANG_ENABLE_MODULES = YES;
				CODE_SIGN_IDENTITY = "";
				COMBINE_HIDPI_IMAGES = YES;
				DEVELOPMENT_TEAM = V7RJA6U5A6;
				FRAMEWORK_SEARCH_PATHS = (
					"$(inherited)",
					"$(PROJECT_DIR)/LyricsX",
					"$(PROJECT_DIR)/Carthage/Build/Mac",
				);
				GCC_PREFIX_HEADER = "$(SRCROOT)/LyricsX/LyricsX-Prefix.pch";
				INFOPLIST_FILE = LyricsX/Info.plist;
				LD_RUNPATH_SEARCH_PATHS = "$(inherited) @executable_path/../Frameworks @loader_path/../Frameworks";
				LIBRARY_SEARCH_PATHS = (
					"$(inherited)",
					"$(PROJECT_DIR)/LyricsX",
				);
				MACH_O_TYPE = mh_execute;
				MACOSX_DEPLOYMENT_TARGET = 10.11;
				OTHER_CODE_SIGN_FLAGS = "";
				PRODUCT_BUNDLE_IDENTIFIER = MichaelRow.LyricsX;
				PRODUCT_NAME = "$(TARGET_NAME)";
				SWIFT_OBJC_BRIDGING_HEADER = "";
				SWIFT_SWIFT3_OBJC_INFERENCE = On;
				SWIFT_VERSION = 4.0;
			};
			name = Release;
		};
/* End XCBuildConfiguration section */

/* Begin XCConfigurationList section */
		76A1E59C1E7EA2F800B24C93 /* Build configuration list for PBXProject "LyricsX" */ = {
			isa = XCConfigurationList;
			buildConfigurations = (
				76A1E5AC1E7EA2F800B24C93 /* Debug */,
				76A1E5AD1E7EA2F800B24C93 /* Release */,
			);
			defaultConfigurationIsVisible = 0;
			defaultConfigurationName = Release;
		};
		76A1E5AE1E7EA2F800B24C93 /* Build configuration list for PBXNativeTarget "LyricsX" */ = {
			isa = XCConfigurationList;
			buildConfigurations = (
				76A1E5AF1E7EA2F800B24C93 /* Debug */,
				76A1E5B01E7EA2F800B24C93 /* Release */,
			);
			defaultConfigurationIsVisible = 0;
			defaultConfigurationName = Release;
		};
/* End XCConfigurationList section */
	};
	rootObject = 76A1E5991E7EA2F800B24C93 /* Project object */;
}
